// !$*UTF8*$!
{
	archiveVersion = 1;
	classes = {
	};
	objectVersion = 55;
	objects = {

/* Begin PBXBuildFile section */
		640142482A478927006A644E /* ActorSearchViewModel.swift in Sources */ = {isa = PBXBuildFile; fileRef = 640142472A478927006A644E /* ActorSearchViewModel.swift */; };
		6401424B2A478D60006A644E /* ActorSearch.swift in Sources */ = {isa = PBXBuildFile; fileRef = 6401424A2A478D60006A644E /* ActorSearch.swift */; };
		6401424E2A478F98006A644E /* SearchActorCollectionViewCell.swift in Sources */ = {isa = PBXBuildFile; fileRef = 6401424C2A478F98006A644E /* SearchActorCollectionViewCell.swift */; };
		6401424F2A478F98006A644E /* SearchActorCollectionViewCell.xib in Resources */ = {isa = PBXBuildFile; fileRef = 6401424D2A478F98006A644E /* SearchActorCollectionViewCell.xib */; };
		64036EC929E78B2000E848BD /* PosterViewModel.swift in Sources */ = {isa = PBXBuildFile; fileRef = 64036EC829E78B2000E848BD /* PosterViewModel.swift */; };
		640EA6152A52587D0086F891 /* FirebaseManeger.swift in Sources */ = {isa = PBXBuildFile; fileRef = 640EA6142A52587D0086F891 /* FirebaseManeger.swift */; };
		640EA6172A5258AB0086F891 /* User.swift in Sources */ = {isa = PBXBuildFile; fileRef = 640EA6162A5258AB0086F891 /* User.swift */; };
		643187C329F9F5DF009F35EB /* FavoriteViewModel.swift in Sources */ = {isa = PBXBuildFile; fileRef = 643187C229F9F5DF009F35EB /* FavoriteViewModel.swift */; };
		6436C2D62A3E69D10097BFAE /* WatchProviders.swift in Sources */ = {isa = PBXBuildFile; fileRef = 6436C2D52A3E69D10097BFAE /* WatchProviders.swift */; };
		6437B0A52A0018CA00293FC1 /* imageLoad.json in Resources */ = {isa = PBXBuildFile; fileRef = 6437B0A42A0018CA00293FC1 /* imageLoad.json */; };
		6437B0A72A003C2900293FC1 /* GoogleService-Info.plist in Resources */ = {isa = PBXBuildFile; fileRef = 6437B0A62A003C2900293FC1 /* GoogleService-Info.plist */; };
		6437B0B62A01699C00293FC1 /* registerLoad.json in Resources */ = {isa = PBXBuildFile; fileRef = 6437B0B52A01699C00293FC1 /* registerLoad.json */; };
		643CE2412A55C5F00003BAC2 /* FirebaseAuth in Frameworks */ = {isa = PBXBuildFile; productRef = 643CE2402A55C5F00003BAC2 /* FirebaseAuth */; };
		643CE2432A55C5F00003BAC2 /* FirebaseFirestore in Frameworks */ = {isa = PBXBuildFile; productRef = 643CE2422A55C5F00003BAC2 /* FirebaseFirestore */; };
		643CE2452A55C5F00003BAC2 /* FirebaseFirestoreSwift in Frameworks */ = {isa = PBXBuildFile; productRef = 643CE2442A55C5F00003BAC2 /* FirebaseFirestoreSwift */; };
		643CE2472A55C5F00003BAC2 /* FirebaseStorage in Frameworks */ = {isa = PBXBuildFile; productRef = 643CE2462A55C5F00003BAC2 /* FirebaseStorage */; };
		64462B3129EEE7F40021A8BE /* Api.swift in Sources */ = {isa = PBXBuildFile; fileRef = 64462B3029EEE7F40021A8BE /* Api.swift */; };
		64462B3429F03AB10021A8BE /* Alert.swift in Sources */ = {isa = PBXBuildFile; fileRef = 64462B3329F03AB10021A8BE /* Alert.swift */; };
		64462B3729F0B7E90021A8BE /* MovieDetailViewModel.swift in Sources */ = {isa = PBXBuildFile; fileRef = 64462B3629F0B7E90021A8BE /* MovieDetailViewModel.swift */; };
		644BD74D29D09A020036008F /* HeadTableViewCell.swift in Sources */ = {isa = PBXBuildFile; fileRef = 644BD74B29D09A020036008F /* HeadTableViewCell.swift */; };
		644BD74E29D09A020036008F /* HeadTableViewCell.xib in Resources */ = {isa = PBXBuildFile; fileRef = 644BD74C29D09A020036008F /* HeadTableViewCell.xib */; };
		644BD75229D0A7D50036008F /* BodyTableViewCell.swift in Sources */ = {isa = PBXBuildFile; fileRef = 644BD75029D0A7D50036008F /* BodyTableViewCell.swift */; };
		644BD75329D0A7D50036008F /* BodyTableViewCell.xib in Resources */ = {isa = PBXBuildFile; fileRef = 644BD75129D0A7D50036008F /* BodyTableViewCell.xib */; };
		644BD75C29D0B0580036008F /* BodyCollectionViewCell.swift in Sources */ = {isa = PBXBuildFile; fileRef = 644BD75A29D0B0580036008F /* BodyCollectionViewCell.swift */; };
		644BD75D29D0B0580036008F /* BodyCollectionViewCell.xib in Resources */ = {isa = PBXBuildFile; fileRef = 644BD75B29D0B0580036008F /* BodyCollectionViewCell.xib */; };
		644BD76229D0EE830036008F /* MovieTopTableViewCell.swift in Sources */ = {isa = PBXBuildFile; fileRef = 644BD76029D0EE830036008F /* MovieTopTableViewCell.swift */; };
		644BD76329D0EE830036008F /* MovieTopTableViewCell.xib in Resources */ = {isa = PBXBuildFile; fileRef = 644BD76129D0EE830036008F /* MovieTopTableViewCell.xib */; };
		644BD76F29D0FB2C0036008F /* TrailerTableViewCell.swift in Sources */ = {isa = PBXBuildFile; fileRef = 644BD76D29D0FB2C0036008F /* TrailerTableViewCell.swift */; };
		644BD77029D0FB2C0036008F /* TrailerTableViewCell.xib in Resources */ = {isa = PBXBuildFile; fileRef = 644BD76E29D0FB2C0036008F /* TrailerTableViewCell.xib */; };
		644BD77829D126E20036008F /* WatchTableViewCell.swift in Sources */ = {isa = PBXBuildFile; fileRef = 644BD77629D126E20036008F /* WatchTableViewCell.swift */; };
		644BD77929D126E20036008F /* WatchTableViewCell.xib in Resources */ = {isa = PBXBuildFile; fileRef = 644BD77729D126E20036008F /* WatchTableViewCell.xib */; };
		644BD77F29D12E540036008F /* StreamingCollectionViewCell.swift in Sources */ = {isa = PBXBuildFile; fileRef = 644BD77D29D12E540036008F /* StreamingCollectionViewCell.swift */; };
		644BD78029D12E540036008F /* StreamingCollectionViewCell.xib in Resources */ = {isa = PBXBuildFile; fileRef = 644BD77E29D12E540036008F /* StreamingCollectionViewCell.xib */; };
		644BD78429D141AF0036008F /* ActorTableViewCell.swift in Sources */ = {isa = PBXBuildFile; fileRef = 644BD78229D141AF0036008F /* ActorTableViewCell.swift */; };
		644BD78529D141AF0036008F /* ActorTableViewCell.xib in Resources */ = {isa = PBXBuildFile; fileRef = 644BD78329D141AF0036008F /* ActorTableViewCell.xib */; };
		644BD78929D144A90036008F /* ActorCollectionViewCell.swift in Sources */ = {isa = PBXBuildFile; fileRef = 644BD78729D144A90036008F /* ActorCollectionViewCell.swift */; };
		644BD78A29D144A90036008F /* ActorCollectionViewCell.xib in Resources */ = {isa = PBXBuildFile; fileRef = 644BD78829D144A90036008F /* ActorCollectionViewCell.xib */; };
		64501B9529B7A5EC0019D7B3 /* AppDelegate.swift in Sources */ = {isa = PBXBuildFile; fileRef = 64501B9429B7A5EC0019D7B3 /* AppDelegate.swift */; };
		64501B9729B7A5EC0019D7B3 /* SceneDelegate.swift in Sources */ = {isa = PBXBuildFile; fileRef = 64501B9629B7A5EC0019D7B3 /* SceneDelegate.swift */; };
		64501B9929B7A5EC0019D7B3 /* LoginViewController.swift in Sources */ = {isa = PBXBuildFile; fileRef = 64501B9829B7A5EC0019D7B3 /* LoginViewController.swift */; };
		64501B9C29B7A5EC0019D7B3 /* Main.storyboard in Resources */ = {isa = PBXBuildFile; fileRef = 64501B9A29B7A5EC0019D7B3 /* Main.storyboard */; };
		64501B9E29B7A5ED0019D7B3 /* Assets.xcassets in Resources */ = {isa = PBXBuildFile; fileRef = 64501B9D29B7A5ED0019D7B3 /* Assets.xcassets */; };
		64501BA129B7A5ED0019D7B3 /* LaunchScreen.storyboard in Resources */ = {isa = PBXBuildFile; fileRef = 64501B9F29B7A5ED0019D7B3 /* LaunchScreen.storyboard */; };
		645179B029C78F43001D7B9D /* PosterCollectionViewCell.swift in Sources */ = {isa = PBXBuildFile; fileRef = 645179AE29C78F43001D7B9D /* PosterCollectionViewCell.swift */; };
		645179B129C78F43001D7B9D /* PosterCollectionViewCell.xib in Resources */ = {isa = PBXBuildFile; fileRef = 645179AF29C78F43001D7B9D /* PosterCollectionViewCell.xib */; };
		6468C8AE2A3F898C00E629F4 /* EmptyCollectionViewCell.swift in Sources */ = {isa = PBXBuildFile; fileRef = 6468C8AC2A3F898C00E629F4 /* EmptyCollectionViewCell.swift */; };
		6468C8AF2A3F898C00E629F4 /* EmptyCollectionViewCell.xib in Resources */ = {isa = PBXBuildFile; fileRef = 6468C8AD2A3F898C00E629F4 /* EmptyCollectionViewCell.xib */; };
		646991452A11917E00D08C28 /* String+Extension.swift in Sources */ = {isa = PBXBuildFile; fileRef = 646991442A11917E00D08C28 /* String+Extension.swift */; };
		646991472A13DF3000D08C28 /* Video.swift in Sources */ = {isa = PBXBuildFile; fileRef = 646991462A13DF3000D08C28 /* Video.swift */; };
		6469AAAA29F8B6ED0071E414 /* RegisterViewModel.swift in Sources */ = {isa = PBXBuildFile; fileRef = 6469AAA929F8B6ED0071E414 /* RegisterViewModel.swift */; };
		6469AAAD29F95D3A0071E414 /* RecoverViewModel.swift in Sources */ = {isa = PBXBuildFile; fileRef = 6469AAAC29F95D3A0071E414 /* RecoverViewModel.swift */; };
		6469AAB029F982D90071E414 /* LoginViewModel.swift in Sources */ = {isa = PBXBuildFile; fileRef = 6469AAAF29F982D90071E414 /* LoginViewModel.swift */; };
		6477E5152A448DB7009F6D61 /* SocialMedia.swift in Sources */ = {isa = PBXBuildFile; fileRef = 6477E5142A448DB7009F6D61 /* SocialMedia.swift */; };
		6478638529F2D0B700DF2D58 /* MovieTopCellViewModel.swift in Sources */ = {isa = PBXBuildFile; fileRef = 6478638429F2D0B700DF2D58 /* MovieTopCellViewModel.swift */; };
		6478638729F2D0DD00DF2D58 /* TrailerCellViewModel.swift in Sources */ = {isa = PBXBuildFile; fileRef = 6478638629F2D0DD00DF2D58 /* TrailerCellViewModel.swift */; };
		6478638929F2D10700DF2D58 /* WatchCellViewModel.swift in Sources */ = {isa = PBXBuildFile; fileRef = 6478638829F2D10700DF2D58 /* WatchCellViewModel.swift */; };
		6478638B29F2D12200DF2D58 /* ActorCellViewModel.swift in Sources */ = {isa = PBXBuildFile; fileRef = 6478638A29F2D12200DF2D58 /* ActorCellViewModel.swift */; };
		6478638E29F2D14B00DF2D58 /* RelatedCellViewModel.swift in Sources */ = {isa = PBXBuildFile; fileRef = 6478638D29F2D14B00DF2D58 /* RelatedCellViewModel.swift */; };
		6478639029F2D16200DF2D58 /* MapCellViewModel.swift in Sources */ = {isa = PBXBuildFile; fileRef = 6478638F29F2D16200DF2D58 /* MapCellViewModel.swift */; };
		6478639429F2D1B400DF2D58 /* ActorCollectionViewCellViewModel.swift in Sources */ = {isa = PBXBuildFile; fileRef = 6478639329F2D1B400DF2D58 /* ActorCollectionViewCellViewModel.swift */; };
		6478639629F2D1CE00DF2D58 /* StreamingCellViewModel.swift in Sources */ = {isa = PBXBuildFile; fileRef = 6478639529F2D1CE00DF2D58 /* StreamingCellViewModel.swift */; };
		6478639829F57FCA00DF2D58 /* Cast.swift in Sources */ = {isa = PBXBuildFile; fileRef = 6478639729F57FCA00DF2D58 /* Cast.swift */; };
		6478639A29F5A21B00DF2D58 /* SimilarMovies.swift in Sources */ = {isa = PBXBuildFile; fileRef = 6478639929F5A21B00DF2D58 /* SimilarMovies.swift */; };
		6478639D29F5C36000DF2D58 /* ActorDetailsViewModel.swift in Sources */ = {isa = PBXBuildFile; fileRef = 6478639C29F5C36000DF2D58 /* ActorDetailsViewModel.swift */; };
		647E22162A426E7F00922C78 /* ActorSocialMedia.swift in Sources */ = {isa = PBXBuildFile; fileRef = 647E22152A426E7F00922C78 /* ActorSocialMedia.swift */; };
		6482AB0829D1C62100BC1FDB /* RelatedTableViewCell.swift in Sources */ = {isa = PBXBuildFile; fileRef = 6482AB0629D1C62100BC1FDB /* RelatedTableViewCell.swift */; };
		6482AB0929D1C62100BC1FDB /* RelatedTableViewCell.xib in Resources */ = {isa = PBXBuildFile; fileRef = 6482AB0729D1C62100BC1FDB /* RelatedTableViewCell.xib */; };
		6482AB0D29D1D63600BC1FDB /* MapTableViewCell.swift in Sources */ = {isa = PBXBuildFile; fileRef = 6482AB0B29D1D63600BC1FDB /* MapTableViewCell.swift */; };
		6482AB0E29D1D63600BC1FDB /* MapTableViewCell.xib in Resources */ = {isa = PBXBuildFile; fileRef = 6482AB0C29D1D63600BC1FDB /* MapTableViewCell.xib */; };
		6482AB1329D1F97900BC1FDB /* ActorTopTableViewCell.swift in Sources */ = {isa = PBXBuildFile; fileRef = 6482AB1129D1F97900BC1FDB /* ActorTopTableViewCell.swift */; };
		6482AB1429D1F97900BC1FDB /* ActorTopTableViewCell.xib in Resources */ = {isa = PBXBuildFile; fileRef = 6482AB1229D1F97900BC1FDB /* ActorTopTableViewCell.xib */; };
		6482AB1829D2020600BC1FDB /* ActorInfoTableViewCell.swift in Sources */ = {isa = PBXBuildFile; fileRef = 6482AB1629D2020600BC1FDB /* ActorInfoTableViewCell.swift */; };
		6482AB1929D2020600BC1FDB /* ActorInfoTableViewCell.xib in Resources */ = {isa = PBXBuildFile; fileRef = 6482AB1729D2020600BC1FDB /* ActorInfoTableViewCell.xib */; };
		6482AB1F29D20DEA00BC1FDB /* SocialMediaCollectionViewCell.swift in Sources */ = {isa = PBXBuildFile; fileRef = 6482AB1D29D20DEA00BC1FDB /* SocialMediaCollectionViewCell.swift */; };
		6482AB2029D20DEA00BC1FDB /* SocialMediaCollectionViewCell.xib in Resources */ = {isa = PBXBuildFile; fileRef = 6482AB1E29D20DEA00BC1FDB /* SocialMediaCollectionViewCell.xib */; };
		6482AB2429D2164A00BC1FDB /* ActorMoviesTableViewCell.swift in Sources */ = {isa = PBXBuildFile; fileRef = 6482AB2229D2164A00BC1FDB /* ActorMoviesTableViewCell.swift */; };
		6482AB2529D2164A00BC1FDB /* ActorMoviesTableViewCell.xib in Resources */ = {isa = PBXBuildFile; fileRef = 6482AB2329D2164A00BC1FDB /* ActorMoviesTableViewCell.xib */; };
		648F919D29EDBB7E0052E375 /* UIImageView+Extension.swift in Sources */ = {isa = PBXBuildFile; fileRef = 648F919C29EDBB7E0052E375 /* UIImageView+Extension.swift */; };
		648F91A329EDBBBD0052E375 /* ImageCache.swift in Sources */ = {isa = PBXBuildFile; fileRef = 648F91A229EDBBBD0052E375 /* ImageCache.swift */; };
		64947D512A02BBD400E2B989 /* UITextField+Extension.swift in Sources */ = {isa = PBXBuildFile; fileRef = 64947D502A02BBD400E2B989 /* UITextField+Extension.swift */; };
		649EF43629F99ACF002D0475 /* MovieDetail.swift in Sources */ = {isa = PBXBuildFile; fileRef = 649EF43529F99ACF002D0475 /* MovieDetail.swift */; };
		649EF43929F9A116002D0475 /* PosterCollectionViewModel.swift in Sources */ = {isa = PBXBuildFile; fileRef = 649EF43829F9A116002D0475 /* PosterCollectionViewModel.swift */; };
		64A9191D29F747A300FAE641 /* ActorModel.swift in Sources */ = {isa = PBXBuildFile; fileRef = 64A9191C29F747A300FAE641 /* ActorModel.swift */; };
		64A9192029F75A1600FAE641 /* ActorTopCellViewModel.swift in Sources */ = {isa = PBXBuildFile; fileRef = 64A9191F29F75A1600FAE641 /* ActorTopCellViewModel.swift */; };
		64A9192329F7638B00FAE641 /* ActorInfoViewModel.swift in Sources */ = {isa = PBXBuildFile; fileRef = 64A9192229F7638B00FAE641 /* ActorInfoViewModel.swift */; };
		64A9192629F76C2200FAE641 /* UIColor+Extension.swift in Sources */ = {isa = PBXBuildFile; fileRef = 64A9192529F76C2200FAE641 /* UIColor+Extension.swift */; };
		64A9192929F7707D00FAE641 /* ActorMoviesViewModel.swift in Sources */ = {isa = PBXBuildFile; fileRef = 64A9192829F7707D00FAE641 /* ActorMoviesViewModel.swift */; };
		64A9192C29F7784F00FAE641 /* SocialMediaViewModel.swift in Sources */ = {isa = PBXBuildFile; fileRef = 64A9192B29F7784F00FAE641 /* SocialMediaViewModel.swift */; };
		64AB8B6D2A474C4D00F021FE /* MovieEmptyCollectionViewCell.swift in Sources */ = {isa = PBXBuildFile; fileRef = 64AB8B6B2A474C4D00F021FE /* MovieEmptyCollectionViewCell.swift */; };
		64AB8B6E2A474C4D00F021FE /* MovieEmptyCollectionViewCell.xib in Resources */ = {isa = PBXBuildFile; fileRef = 64AB8B6C2A474C4D00F021FE /* MovieEmptyCollectionViewCell.xib */; };
		64AB8B842A477F6C00F021FE /* ActorSearchViewController.swift in Sources */ = {isa = PBXBuildFile; fileRef = 64AB8B832A477F6C00F021FE /* ActorSearchViewController.swift */; };
		64AB8B862A477F8700F021FE /* ActorSearchView.storyboard in Resources */ = {isa = PBXBuildFile; fileRef = 64AB8B852A477F8700F021FE /* ActorSearchView.storyboard */; };
		64B17B6329BBA0BF003DC667 /* PosterViewController.swift in Sources */ = {isa = PBXBuildFile; fileRef = 64B17B6229BBA0BF003DC667 /* PosterViewController.swift */; };
		64B17B6529BBA0CE003DC667 /* PosterView.storyboard in Resources */ = {isa = PBXBuildFile; fileRef = 64B17B6429BBA0CE003DC667 /* PosterView.storyboard */; };
		64B17B7329BBA16B003DC667 /* SearchViewController.swift in Sources */ = {isa = PBXBuildFile; fileRef = 64B17B7229BBA16B003DC667 /* SearchViewController.swift */; };
		64B17B7529BBA175003DC667 /* SearchView.storyboard in Resources */ = {isa = PBXBuildFile; fileRef = 64B17B7429BBA175003DC667 /* SearchView.storyboard */; };
		64B17B7729BBA188003DC667 /* FavoriteViewController.swift in Sources */ = {isa = PBXBuildFile; fileRef = 64B17B7629BBA188003DC667 /* FavoriteViewController.swift */; };
		64B17B7929BBA193003DC667 /* FavoriteView.storyboard in Resources */ = {isa = PBXBuildFile; fileRef = 64B17B7829BBA193003DC667 /* FavoriteView.storyboard */; };
		64B17B7B29BBA1E7003DC667 /* ProfileViewController.swift in Sources */ = {isa = PBXBuildFile; fileRef = 64B17B7A29BBA1E7003DC667 /* ProfileViewController.swift */; };
		64B17B7D29BBA1F0003DC667 /* ProfileView.storyboard in Resources */ = {isa = PBXBuildFile; fileRef = 64B17B7C29BBA1F0003DC667 /* ProfileView.storyboard */; };
		64B17B7F29BBA20F003DC667 /* MovieDetailsViewController.swift in Sources */ = {isa = PBXBuildFile; fileRef = 64B17B7E29BBA20F003DC667 /* MovieDetailsViewController.swift */; };
		64B17B8129BBA21D003DC667 /* MoviesDetailsView.storyboard in Resources */ = {isa = PBXBuildFile; fileRef = 64B17B8029BBA21D003DC667 /* MoviesDetailsView.storyboard */; };
		64B17B8329BBA254003DC667 /* ActorDetailViewController.swift in Sources */ = {isa = PBXBuildFile; fileRef = 64B17B8229BBA254003DC667 /* ActorDetailViewController.swift */; };
		64B17B8529BBA266003DC667 /* ActorDetailView.storyboard in Resources */ = {isa = PBXBuildFile; fileRef = 64B17B8429BBA266003DC667 /* ActorDetailView.storyboard */; };
		64B17B8729BBA28B003DC667 /* SearchSelectedViewController.swift in Sources */ = {isa = PBXBuildFile; fileRef = 64B17B8629BBA28B003DC667 /* SearchSelectedViewController.swift */; };
		64B17B8929BBA29B003DC667 /* SearchSelectedView.storyboard in Resources */ = {isa = PBXBuildFile; fileRef = 64B17B8829BBA29B003DC667 /* SearchSelectedView.storyboard */; };
		64B8C2CF2A4CD1940010FE5F /* ProfileViewModel.swift in Sources */ = {isa = PBXBuildFile; fileRef = 64B8C2CE2A4CD1940010FE5F /* ProfileViewModel.swift */; };
		64B92BC32A069DB7009ACA48 /* GoogleSignIn in Frameworks */ = {isa = PBXBuildFile; productRef = 64B92BC22A069DB7009ACA48 /* GoogleSignIn */; };
		64BA90A12A48C62F0049DD24 /* EmptyActorCollectionViewCell.swift in Sources */ = {isa = PBXBuildFile; fileRef = 64BA909F2A48C62F0049DD24 /* EmptyActorCollectionViewCell.swift */; };
		64BA90A22A48C62F0049DD24 /* EmptyActorCollectionViewCell.xib in Resources */ = {isa = PBXBuildFile; fileRef = 64BA90A02A48C62F0049DD24 /* EmptyActorCollectionViewCell.xib */; };
		64BAB2F729F9B577006F99A8 /* ActorMovies.swift in Sources */ = {isa = PBXBuildFile; fileRef = 64BAB2F629F9B577006F99A8 /* ActorMovies.swift */; };
		64BAB2FA29F9C153006F99A8 /* SearchViewModel.swift in Sources */ = {isa = PBXBuildFile; fileRef = 64BAB2F929F9C153006F99A8 /* SearchViewModel.swift */; };
		64BAB2FC29F9C5B2006F99A8 /* ApiGenres.swift in Sources */ = {isa = PBXBuildFile; fileRef = 64BAB2FB29F9C5B2006F99A8 /* ApiGenres.swift */; };
		64BAB2FF29F9C6F4006F99A8 /* BodyViewModel.swift in Sources */ = {isa = PBXBuildFile; fileRef = 64BAB2FE29F9C6F4006F99A8 /* BodyViewModel.swift */; };
		64BAB30229F9D712006F99A8 /* SearchSelectedViewModel.swift in Sources */ = {isa = PBXBuildFile; fileRef = 64BAB30129F9D711006F99A8 /* SearchSelectedViewModel.swift */; };
		64CEAAFB29E08323006DCBD2 /* Service.swift in Sources */ = {isa = PBXBuildFile; fileRef = 64CEAAFA29E08323006DCBD2 /* Service.swift */; };
		64CEAAFD29E08342006DCBD2 /* NetworkHandler.swift in Sources */ = {isa = PBXBuildFile; fileRef = 64CEAAFC29E08342006DCBD2 /* NetworkHandler.swift */; };
		64CEAAFF29E09F0B006DCBD2 /* PosterMovies.swift in Sources */ = {isa = PBXBuildFile; fileRef = 64CEAAFE29E09F0B006DCBD2 /* PosterMovies.swift */; };
		64E70E5629BA659B00F14BFC /* RegisterViewController.swift in Sources */ = {isa = PBXBuildFile; fileRef = 64E70E5529BA659B00F14BFC /* RegisterViewController.swift */; };
		64E70E5829BA65BF00F14BFC /* RegisterView.storyboard in Resources */ = {isa = PBXBuildFile; fileRef = 64E70E5729BA65BF00F14BFC /* RegisterView.storyboard */; };
		64E70E5C29BA6E7000F14BFC /* RecoverViewController.swift in Sources */ = {isa = PBXBuildFile; fileRef = 64E70E5B29BA6E7000F14BFC /* RecoverViewController.swift */; };
		64E70E5E29BA6E7B00F14BFC /* RecoverView.storyboard in Resources */ = {isa = PBXBuildFile; fileRef = 64E70E5D29BA6E7B00F14BFC /* RecoverView.storyboard */; };
		64E70E6229BA6F0400F14BFC /* TabBarViewController.swift in Sources */ = {isa = PBXBuildFile; fileRef = 64E70E6129BA6F0400F14BFC /* TabBarViewController.swift */; };
		64E70E6429BA6F0C00F14BFC /* TabBarView.storyboard in Resources */ = {isa = PBXBuildFile; fileRef = 64E70E6329BA6F0C00F14BFC /* TabBarView.storyboard */; };
		C40A91832B057310F1ACCEC3 /* Pods_BackMovies.framework in Frameworks */ = {isa = PBXBuildFile; fileRef = A4A0BBAD6F68ED6C38DE4A68 /* Pods_BackMovies.framework */; };
/* End PBXBuildFile section */

/* Begin PBXFileReference section */
		640142472A478927006A644E /* ActorSearchViewModel.swift */ = {isa = PBXFileReference; lastKnownFileType = sourcecode.swift; path = ActorSearchViewModel.swift; sourceTree = "<group>"; };
		6401424A2A478D60006A644E /* ActorSearch.swift */ = {isa = PBXFileReference; lastKnownFileType = sourcecode.swift; path = ActorSearch.swift; sourceTree = "<group>"; };
		6401424C2A478F98006A644E /* SearchActorCollectionViewCell.swift */ = {isa = PBXFileReference; lastKnownFileType = sourcecode.swift; path = SearchActorCollectionViewCell.swift; sourceTree = "<group>"; };
		6401424D2A478F98006A644E /* SearchActorCollectionViewCell.xib */ = {isa = PBXFileReference; lastKnownFileType = file.xib; path = SearchActorCollectionViewCell.xib; sourceTree = "<group>"; };
		64036EC829E78B2000E848BD /* PosterViewModel.swift */ = {isa = PBXFileReference; lastKnownFileType = sourcecode.swift; path = PosterViewModel.swift; sourceTree = "<group>"; };
		640EA6142A52587D0086F891 /* FirebaseManeger.swift */ = {isa = PBXFileReference; lastKnownFileType = sourcecode.swift; path = FirebaseManeger.swift; sourceTree = "<group>"; };
		640EA6162A5258AB0086F891 /* User.swift */ = {isa = PBXFileReference; lastKnownFileType = sourcecode.swift; path = User.swift; sourceTree = "<group>"; };
		643187C229F9F5DF009F35EB /* FavoriteViewModel.swift */ = {isa = PBXFileReference; lastKnownFileType = sourcecode.swift; path = FavoriteViewModel.swift; sourceTree = "<group>"; };
		6436C2D52A3E69D10097BFAE /* WatchProviders.swift */ = {isa = PBXFileReference; lastKnownFileType = sourcecode.swift; path = WatchProviders.swift; sourceTree = "<group>"; };
		6437B0A42A0018CA00293FC1 /* imageLoad.json */ = {isa = PBXFileReference; fileEncoding = 4; lastKnownFileType = text.json; name = imageLoad.json; path = ../../../../../Downloads/imageLoad.json; sourceTree = "<group>"; };
		6437B0A62A003C2900293FC1 /* GoogleService-Info.plist */ = {isa = PBXFileReference; fileEncoding = 4; lastKnownFileType = text.plist.xml; path = "GoogleService-Info.plist"; sourceTree = "<group>"; };
		6437B0B52A01699C00293FC1 /* registerLoad.json */ = {isa = PBXFileReference; fileEncoding = 4; lastKnownFileType = text.json; path = registerLoad.json; sourceTree = "<group>"; };
		64462B3029EEE7F40021A8BE /* Api.swift */ = {isa = PBXFileReference; lastKnownFileType = sourcecode.swift; path = Api.swift; sourceTree = "<group>"; };
		64462B3329F03AB10021A8BE /* Alert.swift */ = {isa = PBXFileReference; lastKnownFileType = sourcecode.swift; path = Alert.swift; sourceTree = "<group>"; };
		64462B3629F0B7E90021A8BE /* MovieDetailViewModel.swift */ = {isa = PBXFileReference; lastKnownFileType = sourcecode.swift; path = MovieDetailViewModel.swift; sourceTree = "<group>"; };
		644BD74B29D09A020036008F /* HeadTableViewCell.swift */ = {isa = PBXFileReference; lastKnownFileType = sourcecode.swift; path = HeadTableViewCell.swift; sourceTree = "<group>"; };
		644BD74C29D09A020036008F /* HeadTableViewCell.xib */ = {isa = PBXFileReference; lastKnownFileType = file.xib; path = HeadTableViewCell.xib; sourceTree = "<group>"; };
		644BD75029D0A7D50036008F /* BodyTableViewCell.swift */ = {isa = PBXFileReference; lastKnownFileType = sourcecode.swift; path = BodyTableViewCell.swift; sourceTree = "<group>"; };
		644BD75129D0A7D50036008F /* BodyTableViewCell.xib */ = {isa = PBXFileReference; lastKnownFileType = file.xib; path = BodyTableViewCell.xib; sourceTree = "<group>"; };
		644BD75A29D0B0580036008F /* BodyCollectionViewCell.swift */ = {isa = PBXFileReference; lastKnownFileType = sourcecode.swift; path = BodyCollectionViewCell.swift; sourceTree = "<group>"; };
		644BD75B29D0B0580036008F /* BodyCollectionViewCell.xib */ = {isa = PBXFileReference; lastKnownFileType = file.xib; path = BodyCollectionViewCell.xib; sourceTree = "<group>"; };
		644BD76029D0EE830036008F /* MovieTopTableViewCell.swift */ = {isa = PBXFileReference; lastKnownFileType = sourcecode.swift; path = MovieTopTableViewCell.swift; sourceTree = "<group>"; };
		644BD76129D0EE830036008F /* MovieTopTableViewCell.xib */ = {isa = PBXFileReference; lastKnownFileType = file.xib; path = MovieTopTableViewCell.xib; sourceTree = "<group>"; };
		644BD76D29D0FB2C0036008F /* TrailerTableViewCell.swift */ = {isa = PBXFileReference; lastKnownFileType = sourcecode.swift; path = TrailerTableViewCell.swift; sourceTree = "<group>"; };
		644BD76E29D0FB2C0036008F /* TrailerTableViewCell.xib */ = {isa = PBXFileReference; lastKnownFileType = file.xib; path = TrailerTableViewCell.xib; sourceTree = "<group>"; };
		644BD77629D126E20036008F /* WatchTableViewCell.swift */ = {isa = PBXFileReference; lastKnownFileType = sourcecode.swift; path = WatchTableViewCell.swift; sourceTree = "<group>"; };
		644BD77729D126E20036008F /* WatchTableViewCell.xib */ = {isa = PBXFileReference; lastKnownFileType = file.xib; path = WatchTableViewCell.xib; sourceTree = "<group>"; };
		644BD77D29D12E540036008F /* StreamingCollectionViewCell.swift */ = {isa = PBXFileReference; lastKnownFileType = sourcecode.swift; path = StreamingCollectionViewCell.swift; sourceTree = "<group>"; };
		644BD77E29D12E540036008F /* StreamingCollectionViewCell.xib */ = {isa = PBXFileReference; lastKnownFileType = file.xib; path = StreamingCollectionViewCell.xib; sourceTree = "<group>"; };
		644BD78229D141AF0036008F /* ActorTableViewCell.swift */ = {isa = PBXFileReference; lastKnownFileType = sourcecode.swift; path = ActorTableViewCell.swift; sourceTree = "<group>"; };
		644BD78329D141AF0036008F /* ActorTableViewCell.xib */ = {isa = PBXFileReference; lastKnownFileType = file.xib; path = ActorTableViewCell.xib; sourceTree = "<group>"; };
		644BD78729D144A90036008F /* ActorCollectionViewCell.swift */ = {isa = PBXFileReference; lastKnownFileType = sourcecode.swift; path = ActorCollectionViewCell.swift; sourceTree = "<group>"; };
		644BD78829D144A90036008F /* ActorCollectionViewCell.xib */ = {isa = PBXFileReference; lastKnownFileType = file.xib; path = ActorCollectionViewCell.xib; sourceTree = "<group>"; };
		64501B9129B7A5EC0019D7B3 /* BackMovies.app */ = {isa = PBXFileReference; explicitFileType = wrapper.application; includeInIndex = 0; path = BackMovies.app; sourceTree = BUILT_PRODUCTS_DIR; };
		64501B9429B7A5EC0019D7B3 /* AppDelegate.swift */ = {isa = PBXFileReference; lastKnownFileType = sourcecode.swift; path = AppDelegate.swift; sourceTree = "<group>"; };
		64501B9629B7A5EC0019D7B3 /* SceneDelegate.swift */ = {isa = PBXFileReference; lastKnownFileType = sourcecode.swift; path = SceneDelegate.swift; sourceTree = "<group>"; };
		64501B9829B7A5EC0019D7B3 /* LoginViewController.swift */ = {isa = PBXFileReference; lastKnownFileType = sourcecode.swift; path = LoginViewController.swift; sourceTree = "<group>"; };
		64501B9B29B7A5EC0019D7B3 /* Base */ = {isa = PBXFileReference; lastKnownFileType = file.storyboard; name = Base; path = Base.lproj/Main.storyboard; sourceTree = "<group>"; };
		64501B9D29B7A5ED0019D7B3 /* Assets.xcassets */ = {isa = PBXFileReference; lastKnownFileType = folder.assetcatalog; path = Assets.xcassets; sourceTree = "<group>"; };
		64501BA029B7A5ED0019D7B3 /* Base */ = {isa = PBXFileReference; lastKnownFileType = file.storyboard; name = Base; path = Base.lproj/LaunchScreen.storyboard; sourceTree = "<group>"; };
		64501BA229B7A5ED0019D7B3 /* Info.plist */ = {isa = PBXFileReference; lastKnownFileType = text.plist.xml; path = Info.plist; sourceTree = "<group>"; };
		645179AE29C78F43001D7B9D /* PosterCollectionViewCell.swift */ = {isa = PBXFileReference; lastKnownFileType = sourcecode.swift; path = PosterCollectionViewCell.swift; sourceTree = "<group>"; };
		645179AF29C78F43001D7B9D /* PosterCollectionViewCell.xib */ = {isa = PBXFileReference; lastKnownFileType = file.xib; path = PosterCollectionViewCell.xib; sourceTree = "<group>"; };
		6468C8AC2A3F898C00E629F4 /* EmptyCollectionViewCell.swift */ = {isa = PBXFileReference; lastKnownFileType = sourcecode.swift; path = EmptyCollectionViewCell.swift; sourceTree = "<group>"; };
		6468C8AD2A3F898C00E629F4 /* EmptyCollectionViewCell.xib */ = {isa = PBXFileReference; lastKnownFileType = file.xib; path = EmptyCollectionViewCell.xib; sourceTree = "<group>"; };
		646991442A11917E00D08C28 /* String+Extension.swift */ = {isa = PBXFileReference; lastKnownFileType = sourcecode.swift; path = "String+Extension.swift"; sourceTree = "<group>"; };
		646991462A13DF3000D08C28 /* Video.swift */ = {isa = PBXFileReference; lastKnownFileType = sourcecode.swift; path = Video.swift; sourceTree = "<group>"; };
		6469AAA929F8B6ED0071E414 /* RegisterViewModel.swift */ = {isa = PBXFileReference; lastKnownFileType = sourcecode.swift; path = RegisterViewModel.swift; sourceTree = "<group>"; };
		6469AAAC29F95D3A0071E414 /* RecoverViewModel.swift */ = {isa = PBXFileReference; lastKnownFileType = sourcecode.swift; path = RecoverViewModel.swift; sourceTree = "<group>"; };
		6469AAAF29F982D90071E414 /* LoginViewModel.swift */ = {isa = PBXFileReference; lastKnownFileType = sourcecode.swift; path = LoginViewModel.swift; sourceTree = "<group>"; };
		6477E5142A448DB7009F6D61 /* SocialMedia.swift */ = {isa = PBXFileReference; lastKnownFileType = sourcecode.swift; path = SocialMedia.swift; sourceTree = "<group>"; };
		6478638429F2D0B700DF2D58 /* MovieTopCellViewModel.swift */ = {isa = PBXFileReference; lastKnownFileType = sourcecode.swift; path = MovieTopCellViewModel.swift; sourceTree = "<group>"; };
		6478638629F2D0DD00DF2D58 /* TrailerCellViewModel.swift */ = {isa = PBXFileReference; lastKnownFileType = sourcecode.swift; path = TrailerCellViewModel.swift; sourceTree = "<group>"; };
		6478638829F2D10700DF2D58 /* WatchCellViewModel.swift */ = {isa = PBXFileReference; lastKnownFileType = sourcecode.swift; path = WatchCellViewModel.swift; sourceTree = "<group>"; };
		6478638A29F2D12200DF2D58 /* ActorCellViewModel.swift */ = {isa = PBXFileReference; lastKnownFileType = sourcecode.swift; path = ActorCellViewModel.swift; sourceTree = "<group>"; };
		6478638D29F2D14B00DF2D58 /* RelatedCellViewModel.swift */ = {isa = PBXFileReference; lastKnownFileType = sourcecode.swift; path = RelatedCellViewModel.swift; sourceTree = "<group>"; };
		6478638F29F2D16200DF2D58 /* MapCellViewModel.swift */ = {isa = PBXFileReference; lastKnownFileType = sourcecode.swift; path = MapCellViewModel.swift; sourceTree = "<group>"; };
		6478639329F2D1B400DF2D58 /* ActorCollectionViewCellViewModel.swift */ = {isa = PBXFileReference; lastKnownFileType = sourcecode.swift; path = ActorCollectionViewCellViewModel.swift; sourceTree = "<group>"; };
		6478639529F2D1CE00DF2D58 /* StreamingCellViewModel.swift */ = {isa = PBXFileReference; lastKnownFileType = sourcecode.swift; path = StreamingCellViewModel.swift; sourceTree = "<group>"; };
		6478639729F57FCA00DF2D58 /* Cast.swift */ = {isa = PBXFileReference; lastKnownFileType = sourcecode.swift; path = Cast.swift; sourceTree = "<group>"; };
		6478639929F5A21B00DF2D58 /* SimilarMovies.swift */ = {isa = PBXFileReference; lastKnownFileType = sourcecode.swift; path = SimilarMovies.swift; sourceTree = "<group>"; };
		6478639C29F5C36000DF2D58 /* ActorDetailsViewModel.swift */ = {isa = PBXFileReference; lastKnownFileType = sourcecode.swift; path = ActorDetailsViewModel.swift; sourceTree = "<group>"; };
		647E22152A426E7F00922C78 /* ActorSocialMedia.swift */ = {isa = PBXFileReference; lastKnownFileType = sourcecode.swift; path = ActorSocialMedia.swift; sourceTree = "<group>"; };
		6482AB0629D1C62100BC1FDB /* RelatedTableViewCell.swift */ = {isa = PBXFileReference; lastKnownFileType = sourcecode.swift; path = RelatedTableViewCell.swift; sourceTree = "<group>"; };
		6482AB0729D1C62100BC1FDB /* RelatedTableViewCell.xib */ = {isa = PBXFileReference; lastKnownFileType = file.xib; path = RelatedTableViewCell.xib; sourceTree = "<group>"; };
		6482AB0B29D1D63600BC1FDB /* MapTableViewCell.swift */ = {isa = PBXFileReference; lastKnownFileType = sourcecode.swift; path = MapTableViewCell.swift; sourceTree = "<group>"; };
		6482AB0C29D1D63600BC1FDB /* MapTableViewCell.xib */ = {isa = PBXFileReference; lastKnownFileType = file.xib; path = MapTableViewCell.xib; sourceTree = "<group>"; };
		6482AB1129D1F97900BC1FDB /* ActorTopTableViewCell.swift */ = {isa = PBXFileReference; lastKnownFileType = sourcecode.swift; path = ActorTopTableViewCell.swift; sourceTree = "<group>"; };
		6482AB1229D1F97900BC1FDB /* ActorTopTableViewCell.xib */ = {isa = PBXFileReference; lastKnownFileType = file.xib; path = ActorTopTableViewCell.xib; sourceTree = "<group>"; };
		6482AB1629D2020600BC1FDB /* ActorInfoTableViewCell.swift */ = {isa = PBXFileReference; lastKnownFileType = sourcecode.swift; path = ActorInfoTableViewCell.swift; sourceTree = "<group>"; };
		6482AB1729D2020600BC1FDB /* ActorInfoTableViewCell.xib */ = {isa = PBXFileReference; lastKnownFileType = file.xib; path = ActorInfoTableViewCell.xib; sourceTree = "<group>"; };
		6482AB1D29D20DEA00BC1FDB /* SocialMediaCollectionViewCell.swift */ = {isa = PBXFileReference; lastKnownFileType = sourcecode.swift; path = SocialMediaCollectionViewCell.swift; sourceTree = "<group>"; };
		6482AB1E29D20DEA00BC1FDB /* SocialMediaCollectionViewCell.xib */ = {isa = PBXFileReference; lastKnownFileType = file.xib; path = SocialMediaCollectionViewCell.xib; sourceTree = "<group>"; };
		6482AB2229D2164A00BC1FDB /* ActorMoviesTableViewCell.swift */ = {isa = PBXFileReference; lastKnownFileType = sourcecode.swift; path = ActorMoviesTableViewCell.swift; sourceTree = "<group>"; };
		6482AB2329D2164A00BC1FDB /* ActorMoviesTableViewCell.xib */ = {isa = PBXFileReference; lastKnownFileType = file.xib; path = ActorMoviesTableViewCell.xib; sourceTree = "<group>"; };
		648F919C29EDBB7E0052E375 /* UIImageView+Extension.swift */ = {isa = PBXFileReference; lastKnownFileType = sourcecode.swift; path = "UIImageView+Extension.swift"; sourceTree = "<group>"; };
		648F91A229EDBBBD0052E375 /* ImageCache.swift */ = {isa = PBXFileReference; lastKnownFileType = sourcecode.swift; path = ImageCache.swift; sourceTree = "<group>"; };
		64947D502A02BBD400E2B989 /* UITextField+Extension.swift */ = {isa = PBXFileReference; lastKnownFileType = sourcecode.swift; path = "UITextField+Extension.swift"; sourceTree = "<group>"; };
		649EF43529F99ACF002D0475 /* MovieDetail.swift */ = {isa = PBXFileReference; lastKnownFileType = sourcecode.swift; path = MovieDetail.swift; sourceTree = "<group>"; };
		649EF43829F9A116002D0475 /* PosterCollectionViewModel.swift */ = {isa = PBXFileReference; lastKnownFileType = sourcecode.swift; path = PosterCollectionViewModel.swift; sourceTree = "<group>"; };
		64A9191C29F747A300FAE641 /* ActorModel.swift */ = {isa = PBXFileReference; lastKnownFileType = sourcecode.swift; path = ActorModel.swift; sourceTree = "<group>"; };
		64A9191F29F75A1600FAE641 /* ActorTopCellViewModel.swift */ = {isa = PBXFileReference; lastKnownFileType = sourcecode.swift; path = ActorTopCellViewModel.swift; sourceTree = "<group>"; };
		64A9192229F7638B00FAE641 /* ActorInfoViewModel.swift */ = {isa = PBXFileReference; lastKnownFileType = sourcecode.swift; path = ActorInfoViewModel.swift; sourceTree = "<group>"; };
		64A9192529F76C2200FAE641 /* UIColor+Extension.swift */ = {isa = PBXFileReference; lastKnownFileType = sourcecode.swift; path = "UIColor+Extension.swift"; sourceTree = "<group>"; };
		64A9192829F7707D00FAE641 /* ActorMoviesViewModel.swift */ = {isa = PBXFileReference; lastKnownFileType = sourcecode.swift; path = ActorMoviesViewModel.swift; sourceTree = "<group>"; };
		64A9192B29F7784F00FAE641 /* SocialMediaViewModel.swift */ = {isa = PBXFileReference; lastKnownFileType = sourcecode.swift; path = SocialMediaViewModel.swift; sourceTree = "<group>"; };
		64AB8B6B2A474C4D00F021FE /* MovieEmptyCollectionViewCell.swift */ = {isa = PBXFileReference; lastKnownFileType = sourcecode.swift; path = MovieEmptyCollectionViewCell.swift; sourceTree = "<group>"; };
		64AB8B6C2A474C4D00F021FE /* MovieEmptyCollectionViewCell.xib */ = {isa = PBXFileReference; lastKnownFileType = file.xib; path = MovieEmptyCollectionViewCell.xib; sourceTree = "<group>"; };
		64AB8B832A477F6C00F021FE /* ActorSearchViewController.swift */ = {isa = PBXFileReference; lastKnownFileType = sourcecode.swift; path = ActorSearchViewController.swift; sourceTree = "<group>"; };
		64AB8B852A477F8700F021FE /* ActorSearchView.storyboard */ = {isa = PBXFileReference; lastKnownFileType = file.storyboard; path = ActorSearchView.storyboard; sourceTree = "<group>"; };
		64B17B6229BBA0BF003DC667 /* PosterViewController.swift */ = {isa = PBXFileReference; lastKnownFileType = sourcecode.swift; path = PosterViewController.swift; sourceTree = "<group>"; };
		64B17B6429BBA0CE003DC667 /* PosterView.storyboard */ = {isa = PBXFileReference; lastKnownFileType = file.storyboard; path = PosterView.storyboard; sourceTree = "<group>"; };
		64B17B7229BBA16B003DC667 /* SearchViewController.swift */ = {isa = PBXFileReference; lastKnownFileType = sourcecode.swift; path = SearchViewController.swift; sourceTree = "<group>"; };
		64B17B7429BBA175003DC667 /* SearchView.storyboard */ = {isa = PBXFileReference; lastKnownFileType = file.storyboard; path = SearchView.storyboard; sourceTree = "<group>"; };
		64B17B7629BBA188003DC667 /* FavoriteViewController.swift */ = {isa = PBXFileReference; lastKnownFileType = sourcecode.swift; path = FavoriteViewController.swift; sourceTree = "<group>"; };
		64B17B7829BBA193003DC667 /* FavoriteView.storyboard */ = {isa = PBXFileReference; lastKnownFileType = file.storyboard; path = FavoriteView.storyboard; sourceTree = "<group>"; };
		64B17B7A29BBA1E7003DC667 /* ProfileViewController.swift */ = {isa = PBXFileReference; lastKnownFileType = sourcecode.swift; path = ProfileViewController.swift; sourceTree = "<group>"; };
		64B17B7C29BBA1F0003DC667 /* ProfileView.storyboard */ = {isa = PBXFileReference; lastKnownFileType = file.storyboard; path = ProfileView.storyboard; sourceTree = "<group>"; };
		64B17B7E29BBA20F003DC667 /* MovieDetailsViewController.swift */ = {isa = PBXFileReference; lastKnownFileType = sourcecode.swift; path = MovieDetailsViewController.swift; sourceTree = "<group>"; };
		64B17B8029BBA21D003DC667 /* MoviesDetailsView.storyboard */ = {isa = PBXFileReference; lastKnownFileType = file.storyboard; path = MoviesDetailsView.storyboard; sourceTree = "<group>"; };
		64B17B8229BBA254003DC667 /* ActorDetailViewController.swift */ = {isa = PBXFileReference; lastKnownFileType = sourcecode.swift; path = ActorDetailViewController.swift; sourceTree = "<group>"; };
		64B17B8429BBA266003DC667 /* ActorDetailView.storyboard */ = {isa = PBXFileReference; lastKnownFileType = file.storyboard; path = ActorDetailView.storyboard; sourceTree = "<group>"; };
		64B17B8629BBA28B003DC667 /* SearchSelectedViewController.swift */ = {isa = PBXFileReference; lastKnownFileType = sourcecode.swift; path = SearchSelectedViewController.swift; sourceTree = "<group>"; };
		64B17B8829BBA29B003DC667 /* SearchSelectedView.storyboard */ = {isa = PBXFileReference; lastKnownFileType = file.storyboard; path = SearchSelectedView.storyboard; sourceTree = "<group>"; };
		64B8C2CE2A4CD1940010FE5F /* ProfileViewModel.swift */ = {isa = PBXFileReference; lastKnownFileType = sourcecode.swift; path = ProfileViewModel.swift; sourceTree = "<group>"; };
		64BA909F2A48C62F0049DD24 /* EmptyActorCollectionViewCell.swift */ = {isa = PBXFileReference; lastKnownFileType = sourcecode.swift; path = EmptyActorCollectionViewCell.swift; sourceTree = "<group>"; };
		64BA90A02A48C62F0049DD24 /* EmptyActorCollectionViewCell.xib */ = {isa = PBXFileReference; lastKnownFileType = file.xib; path = EmptyActorCollectionViewCell.xib; sourceTree = "<group>"; };
		64BAB2F629F9B577006F99A8 /* ActorMovies.swift */ = {isa = PBXFileReference; lastKnownFileType = sourcecode.swift; path = ActorMovies.swift; sourceTree = "<group>"; };
		64BAB2F929F9C153006F99A8 /* SearchViewModel.swift */ = {isa = PBXFileReference; lastKnownFileType = sourcecode.swift; path = SearchViewModel.swift; sourceTree = "<group>"; };
		64BAB2FB29F9C5B2006F99A8 /* ApiGenres.swift */ = {isa = PBXFileReference; lastKnownFileType = sourcecode.swift; path = ApiGenres.swift; sourceTree = "<group>"; };
		64BAB2FE29F9C6F4006F99A8 /* BodyViewModel.swift */ = {isa = PBXFileReference; lastKnownFileType = sourcecode.swift; path = BodyViewModel.swift; sourceTree = "<group>"; };
		64BAB30129F9D711006F99A8 /* SearchSelectedViewModel.swift */ = {isa = PBXFileReference; lastKnownFileType = sourcecode.swift; path = SearchSelectedViewModel.swift; sourceTree = "<group>"; };
		64CEAAFA29E08323006DCBD2 /* Service.swift */ = {isa = PBXFileReference; lastKnownFileType = sourcecode.swift; path = Service.swift; sourceTree = "<group>"; };
		64CEAAFC29E08342006DCBD2 /* NetworkHandler.swift */ = {isa = PBXFileReference; lastKnownFileType = sourcecode.swift; path = NetworkHandler.swift; sourceTree = "<group>"; };
		64CEAAFE29E09F0B006DCBD2 /* PosterMovies.swift */ = {isa = PBXFileReference; lastKnownFileType = sourcecode.swift; path = PosterMovies.swift; sourceTree = "<group>"; };
		64E70E5529BA659B00F14BFC /* RegisterViewController.swift */ = {isa = PBXFileReference; lastKnownFileType = sourcecode.swift; path = RegisterViewController.swift; sourceTree = "<group>"; };
		64E70E5729BA65BF00F14BFC /* RegisterView.storyboard */ = {isa = PBXFileReference; lastKnownFileType = file.storyboard; path = RegisterView.storyboard; sourceTree = "<group>"; };
		64E70E5B29BA6E7000F14BFC /* RecoverViewController.swift */ = {isa = PBXFileReference; lastKnownFileType = sourcecode.swift; path = RecoverViewController.swift; sourceTree = "<group>"; };
		64E70E5D29BA6E7B00F14BFC /* RecoverView.storyboard */ = {isa = PBXFileReference; lastKnownFileType = file.storyboard; path = RecoverView.storyboard; sourceTree = "<group>"; };
		64E70E6129BA6F0400F14BFC /* TabBarViewController.swift */ = {isa = PBXFileReference; lastKnownFileType = sourcecode.swift; path = TabBarViewController.swift; sourceTree = "<group>"; };
		64E70E6329BA6F0C00F14BFC /* TabBarView.storyboard */ = {isa = PBXFileReference; lastKnownFileType = file.storyboard; path = TabBarView.storyboard; sourceTree = "<group>"; };
		A16CA2DC4241D7C45BD0736C /* Pods-BackMovies.debug.xcconfig */ = {isa = PBXFileReference; includeInIndex = 1; lastKnownFileType = text.xcconfig; name = "Pods-BackMovies.debug.xcconfig"; path = "Target Support Files/Pods-BackMovies/Pods-BackMovies.debug.xcconfig"; sourceTree = "<group>"; };
		A4A0BBAD6F68ED6C38DE4A68 /* Pods_BackMovies.framework */ = {isa = PBXFileReference; explicitFileType = wrapper.framework; includeInIndex = 0; path = Pods_BackMovies.framework; sourceTree = BUILT_PRODUCTS_DIR; };
		C28BC18955AA454C1F37B431 /* Pods-BackMovies.release.xcconfig */ = {isa = PBXFileReference; includeInIndex = 1; lastKnownFileType = text.xcconfig; name = "Pods-BackMovies.release.xcconfig"; path = "Target Support Files/Pods-BackMovies/Pods-BackMovies.release.xcconfig"; sourceTree = "<group>"; };
/* End PBXFileReference section */

/* Begin PBXFrameworksBuildPhase section */
		64501B8E29B7A5EC0019D7B3 /* Frameworks */ = {
			isa = PBXFrameworksBuildPhase;
			buildActionMask = 2147483647;
			files = (
				643CE2452A55C5F00003BAC2 /* FirebaseFirestoreSwift in Frameworks */,
				C40A91832B057310F1ACCEC3 /* Pods_BackMovies.framework in Frameworks */,
				643CE2432A55C5F00003BAC2 /* FirebaseFirestore in Frameworks */,
				643CE2412A55C5F00003BAC2 /* FirebaseAuth in Frameworks */,
				64B92BC32A069DB7009ACA48 /* GoogleSignIn in Frameworks */,
				643CE2472A55C5F00003BAC2 /* FirebaseStorage in Frameworks */,
			);
			runOnlyForDeploymentPostprocessing = 0;
		};
/* End PBXFrameworksBuildPhase section */

/* Begin PBXGroup section */
		503505E9AB3D7B485AD21D71 /* Pods */ = {
			isa = PBXGroup;
			children = (
				A16CA2DC4241D7C45BD0736C /* Pods-BackMovies.debug.xcconfig */,
				C28BC18955AA454C1F37B431 /* Pods-BackMovies.release.xcconfig */,
			);
			path = Pods;
			sourceTree = "<group>";
		};
		640142492A478C8A006A644E /* Cell */ = {
			isa = PBXGroup;
			children = (
				64BA909E2A48C45E0049DD24 /* ActorEmptyCell */,
				64BA909D2A48C4380049DD24 /* SearchActorCell */,
			);
			path = Cell;
			sourceTree = "<group>";
		};
		64036EC729E78AF400E848BD /* ViewModel */ = {
			isa = PBXGroup;
			children = (
				64036EC829E78B2000E848BD /* PosterViewModel.swift */,
			);
			path = ViewModel;
			sourceTree = "<group>";
		};
		640EA6122A52585D0086F891 /* Firebase */ = {
			isa = PBXGroup;
			children = (
				640EA6132A5258690086F891 /* FirebaseManeger */,
			);
			path = Firebase;
			sourceTree = "<group>";
		};
		640EA6132A5258690086F891 /* FirebaseManeger */ = {
			isa = PBXGroup;
			children = (
				640EA6142A52587D0086F891 /* FirebaseManeger.swift */,
			);
			path = FirebaseManeger;
			sourceTree = "<group>";
		};
		643187C129F9F5CE009F35EB /* ViewModel */ = {
			isa = PBXGroup;
			children = (
				643187C229F9F5DF009F35EB /* FavoriteViewModel.swift */,
			);
			path = ViewModel;
			sourceTree = "<group>";
		};
		6437B0A32A0018B900293FC1 /* LottieJson */ = {
			isa = PBXGroup;
			children = (
				6437B0A42A0018CA00293FC1 /* imageLoad.json */,
				6437B0B52A01699C00293FC1 /* registerLoad.json */,
			);
			path = LottieJson;
			sourceTree = "<group>";
		};
		64462B2F29EEE7E20021A8BE /* Api */ = {
			isa = PBXGroup;
			children = (
				64462B3029EEE7F40021A8BE /* Api.swift */,
			);
			path = Api;
			sourceTree = "<group>";
		};
		64462B3229F03AA50021A8BE /* Alert */ = {
			isa = PBXGroup;
			children = (
				64462B3329F03AB10021A8BE /* Alert.swift */,
			);
			path = Alert;
			sourceTree = "<group>";
		};
		64462B3529F0B7CB0021A8BE /* ViewModel */ = {
			isa = PBXGroup;
			children = (
				64462B3629F0B7E90021A8BE /* MovieDetailViewModel.swift */,
			);
			path = ViewModel;
			sourceTree = "<group>";
		};
		644BD74729D099530036008F /* Cell */ = {
			isa = PBXGroup;
			children = (
				6482AB2729D363B000BC1FDB /* CollectionViewCell */,
				6482AB2629D363A100BC1FDB /* TableViewCell */,
			);
			path = Cell;
			sourceTree = "<group>";
		};
		644BD74829D0996F0036008F /* Head */ = {
			isa = PBXGroup;
			children = (
				644BD74B29D09A020036008F /* HeadTableViewCell.swift */,
				644BD74C29D09A020036008F /* HeadTableViewCell.xib */,
			);
			path = Head;
			sourceTree = "<group>";
		};
		644BD74F29D0A7BF0036008F /* Body */ = {
			isa = PBXGroup;
			children = (
				64BAB2FD29F9C6E3006F99A8 /* ViewModel */,
				644BD75029D0A7D50036008F /* BodyTableViewCell.swift */,
				644BD75129D0A7D50036008F /* BodyTableViewCell.xib */,
			);
			path = Body;
			sourceTree = "<group>";
		};
		644BD75929D0B0430036008F /* BodyCell */ = {
			isa = PBXGroup;
			children = (
				644BD75A29D0B0580036008F /* BodyCollectionViewCell.swift */,
				644BD75B29D0B0580036008F /* BodyCollectionViewCell.xib */,
			);
			path = BodyCell;
			sourceTree = "<group>";
		};
		644BD75E29D0EE1E0036008F /* Cells */ = {
			isa = PBXGroup;
			children = (
				644BD77B29D12DF40036008F /* CollectionViewCell */,
				644BD77A29D12DE20036008F /* TableViewCell */,
			);
			path = Cells;
			sourceTree = "<group>";
		};
		644BD75F29D0EE270036008F /* MovieTopCell */ = {
			isa = PBXGroup;
			children = (
				6478638329F2D08F00DF2D58 /* ViewModel */,
				644BD76029D0EE830036008F /* MovieTopTableViewCell.swift */,
				644BD76129D0EE830036008F /* MovieTopTableViewCell.xib */,
			);
			path = MovieTopCell;
			sourceTree = "<group>";
		};
		644BD76B29D0FB050036008F /* TrailerCell */ = {
			isa = PBXGroup;
			children = (
				6478638229F2D08900DF2D58 /* ViewModel */,
				644BD76D29D0FB2C0036008F /* TrailerTableViewCell.swift */,
				644BD76E29D0FB2C0036008F /* TrailerTableViewCell.xib */,
			);
			path = TrailerCell;
			sourceTree = "<group>";
		};
		644BD77129D125760036008F /* WatchCell */ = {
			isa = PBXGroup;
			children = (
				6478638129F2D08200DF2D58 /* ViewModel */,
				644BD77629D126E20036008F /* WatchTableViewCell.swift */,
				644BD77729D126E20036008F /* WatchTableViewCell.xib */,
			);
			path = WatchCell;
			sourceTree = "<group>";
		};
		644BD77A29D12DE20036008F /* TableViewCell */ = {
			isa = PBXGroup;
			children = (
				644BD75F29D0EE270036008F /* MovieTopCell */,
				644BD76B29D0FB050036008F /* TrailerCell */,
				644BD77129D125760036008F /* WatchCell */,
				644BD78129D141160036008F /* ActorCell */,
				6482AB0529D1C5C700BC1FDB /* RelatedCell */,
				6482AB0A29D1D61900BC1FDB /* MapCell */,
			);
			path = TableViewCell;
			sourceTree = "<group>";
		};
		644BD77B29D12DF40036008F /* CollectionViewCell */ = {
			isa = PBXGroup;
			children = (
				6468C8AB2A3F894400E629F4 /* EmptyCollectionCell */,
				644BD78629D1447F0036008F /* ActorCollectionCell */,
				644BD77C29D12DFF0036008F /* StreamingCell */,
			);
			path = CollectionViewCell;
			sourceTree = "<group>";
		};
		644BD77C29D12DFF0036008F /* StreamingCell */ = {
			isa = PBXGroup;
			children = (
				6478639229F2D19700DF2D58 /* ViewModel */,
				644BD77D29D12E540036008F /* StreamingCollectionViewCell.swift */,
				644BD77E29D12E540036008F /* StreamingCollectionViewCell.xib */,
			);
			path = StreamingCell;
			sourceTree = "<group>";
		};
		644BD78129D141160036008F /* ActorCell */ = {
			isa = PBXGroup;
			children = (
				6478638029F2D07900DF2D58 /* ViewModel */,
				644BD78229D141AF0036008F /* ActorTableViewCell.swift */,
				644BD78329D141AF0036008F /* ActorTableViewCell.xib */,
			);
			path = ActorCell;
			sourceTree = "<group>";
		};
		644BD78629D1447F0036008F /* ActorCollectionCell */ = {
			isa = PBXGroup;
			children = (
				6478639129F2D19200DF2D58 /* ViewModel */,
				644BD78729D144A90036008F /* ActorCollectionViewCell.swift */,
				644BD78829D144A90036008F /* ActorCollectionViewCell.xib */,
			);
			path = ActorCollectionCell;
			sourceTree = "<group>";
		};
		64501B8829B7A5EC0019D7B3 = {
			isa = PBXGroup;
			children = (
				64501B9329B7A5EC0019D7B3 /* BackMovies */,
				64501B9229B7A5EC0019D7B3 /* Products */,
				503505E9AB3D7B485AD21D71 /* Pods */,
				F789DF7F830675EF5B1924C1 /* Frameworks */,
			);
			sourceTree = "<group>";
		};
		64501B9229B7A5EC0019D7B3 /* Products */ = {
			isa = PBXGroup;
			children = (
				64501B9129B7A5EC0019D7B3 /* BackMovies.app */,
			);
			name = Products;
			sourceTree = "<group>";
		};
		64501B9329B7A5EC0019D7B3 /* BackMovies */ = {
			isa = PBXGroup;
			children = (
				640EA6122A52585D0086F891 /* Firebase */,
				64E70E4829BA503200F14BFC /* Common */,
				64E70E4529BA4F9C00F14BFC /* Login */,
				64E70E4729BA4FB100F14BFC /* Register */,
				64E70E4929BA504900F14BFC /* Recover */,
				64E70E4629BA4FA600F14BFC /* TabBarController */,
				64E70E4A29BA507500F14BFC /* Poster */,
				64E70E4B29BA508100F14BFC /* Search */,
				64E70E4C29BA509200F14BFC /* Favorite */,
				64E70E4D29BA509A00F14BFC /* Profile */,
				64E70E4E29BA50CC00F14BFC /* MovieDetails */,
				64E70E4F29BA50D900F14BFC /* ActorDetails */,
				64E70E5029BA512400F14BFC /* SearchSelected */,
				64AB8B7F2A477F2D00F021FE /* ActorSearch */,
				64501B9429B7A5EC0019D7B3 /* AppDelegate.swift */,
				64501B9629B7A5EC0019D7B3 /* SceneDelegate.swift */,
				64501B9D29B7A5ED0019D7B3 /* Assets.xcassets */,
				6437B0A62A003C2900293FC1 /* GoogleService-Info.plist */,
				64501B9F29B7A5ED0019D7B3 /* LaunchScreen.storyboard */,
				64501BA229B7A5ED0019D7B3 /* Info.plist */,
			);
			path = BackMovies;
			sourceTree = "<group>";
		};
		645179AD29C786E9001D7B9D /* PosterCollectionViewCell */ = {
			isa = PBXGroup;
			children = (
				649EF43729F9A103002D0475 /* ViewModel */,
				645179AE29C78F43001D7B9D /* PosterCollectionViewCell.swift */,
				645179AF29C78F43001D7B9D /* PosterCollectionViewCell.xib */,
			);
			path = PosterCollectionViewCell;
			sourceTree = "<group>";
		};
		6468C8AB2A3F894400E629F4 /* EmptyCollectionCell */ = {
			isa = PBXGroup;
			children = (
				6468C8AC2A3F898C00E629F4 /* EmptyCollectionViewCell.swift */,
				6468C8AD2A3F898C00E629F4 /* EmptyCollectionViewCell.xib */,
			);
			path = EmptyCollectionCell;
			sourceTree = "<group>";
		};
		6469AAA829F8B6DE0071E414 /* ViewModel */ = {
			isa = PBXGroup;
			children = (
				6469AAA929F8B6ED0071E414 /* RegisterViewModel.swift */,
			);
			path = ViewModel;
			sourceTree = "<group>";
		};
		6469AAAB29F95D1C0071E414 /* ViewModel */ = {
			isa = PBXGroup;
			children = (
				6469AAAC29F95D3A0071E414 /* RecoverViewModel.swift */,
			);
			path = ViewModel;
			sourceTree = "<group>";
		};
		6469AAAE29F982C80071E414 /* ViewModel */ = {
			isa = PBXGroup;
			children = (
				6469AAAF29F982D90071E414 /* LoginViewModel.swift */,
			);
			path = ViewModel;
			sourceTree = "<group>";
		};
		6478637E29F2D05800DF2D58 /* ViewModel */ = {
			isa = PBXGroup;
			children = (
				6478638F29F2D16200DF2D58 /* MapCellViewModel.swift */,
			);
			path = ViewModel;
			sourceTree = "<group>";
		};
		6478637F29F2D07100DF2D58 /* ViewModel */ = {
			isa = PBXGroup;
			children = (
				6478638D29F2D14B00DF2D58 /* RelatedCellViewModel.swift */,
			);
			path = ViewModel;
			sourceTree = "<group>";
		};
		6478638029F2D07900DF2D58 /* ViewModel */ = {
			isa = PBXGroup;
			children = (
				6478638A29F2D12200DF2D58 /* ActorCellViewModel.swift */,
			);
			path = ViewModel;
			sourceTree = "<group>";
		};
		6478638129F2D08200DF2D58 /* ViewModel */ = {
			isa = PBXGroup;
			children = (
				6478638829F2D10700DF2D58 /* WatchCellViewModel.swift */,
			);
			path = ViewModel;
			sourceTree = "<group>";
		};
		6478638229F2D08900DF2D58 /* ViewModel */ = {
			isa = PBXGroup;
			children = (
				6478638629F2D0DD00DF2D58 /* TrailerCellViewModel.swift */,
			);
			path = ViewModel;
			sourceTree = "<group>";
		};
		6478638329F2D08F00DF2D58 /* ViewModel */ = {
			isa = PBXGroup;
			children = (
				6478638429F2D0B700DF2D58 /* MovieTopCellViewModel.swift */,
			);
			path = ViewModel;
			sourceTree = "<group>";
		};
		6478639129F2D19200DF2D58 /* ViewModel */ = {
			isa = PBXGroup;
			children = (
				6478639329F2D1B400DF2D58 /* ActorCollectionViewCellViewModel.swift */,
			);
			path = ViewModel;
			sourceTree = "<group>";
		};
		6478639229F2D19700DF2D58 /* ViewModel */ = {
			isa = PBXGroup;
			children = (
				6478639529F2D1CE00DF2D58 /* StreamingCellViewModel.swift */,
			);
			path = ViewModel;
			sourceTree = "<group>";
		};
		6478639B29F5C34300DF2D58 /* ViewModel */ = {
			isa = PBXGroup;
			children = (
				6478639C29F5C36000DF2D58 /* ActorDetailsViewModel.swift */,
			);
			path = ViewModel;
			sourceTree = "<group>";
		};
		6482AB0529D1C5C700BC1FDB /* RelatedCell */ = {
			isa = PBXGroup;
			children = (
				6478637F29F2D07100DF2D58 /* ViewModel */,
				6482AB0629D1C62100BC1FDB /* RelatedTableViewCell.swift */,
				6482AB0729D1C62100BC1FDB /* RelatedTableViewCell.xib */,
			);
			path = RelatedCell;
			sourceTree = "<group>";
		};
		6482AB0A29D1D61900BC1FDB /* MapCell */ = {
			isa = PBXGroup;
			children = (
				6478637E29F2D05800DF2D58 /* ViewModel */,
				6482AB0B29D1D63600BC1FDB /* MapTableViewCell.swift */,
				6482AB0C29D1D63600BC1FDB /* MapTableViewCell.xib */,
			);
			path = MapCell;
			sourceTree = "<group>";
		};
		6482AB0F29D1F8EA00BC1FDB /* Cells */ = {
			isa = PBXGroup;
			children = (
				6482AB1B29D20D6A00BC1FDB /* CollectionViewCell */,
				6482AB1A29D20D5900BC1FDB /* TableViewCell */,
			);
			path = Cells;
			sourceTree = "<group>";
		};
		6482AB1029D1F95C00BC1FDB /* ActorTopCell */ = {
			isa = PBXGroup;
			children = (
				64A9191E29F759FF00FAE641 /* ViewModel */,
				6482AB1129D1F97900BC1FDB /* ActorTopTableViewCell.swift */,
				6482AB1229D1F97900BC1FDB /* ActorTopTableViewCell.xib */,
			);
			path = ActorTopCell;
			sourceTree = "<group>";
		};
		6482AB1529D201CC00BC1FDB /* ActorInfoCell */ = {
			isa = PBXGroup;
			children = (
				64A9192129F7637600FAE641 /* ViewModel */,
				6482AB1629D2020600BC1FDB /* ActorInfoTableViewCell.swift */,
				6482AB1729D2020600BC1FDB /* ActorInfoTableViewCell.xib */,
			);
			path = ActorInfoCell;
			sourceTree = "<group>";
		};
		6482AB1A29D20D5900BC1FDB /* TableViewCell */ = {
			isa = PBXGroup;
			children = (
				6482AB1029D1F95C00BC1FDB /* ActorTopCell */,
				6482AB1529D201CC00BC1FDB /* ActorInfoCell */,
				6482AB2129D2162100BC1FDB /* ActorMoviesCell */,
			);
			path = TableViewCell;
			sourceTree = "<group>";
		};
		6482AB1B29D20D6A00BC1FDB /* CollectionViewCell */ = {
			isa = PBXGroup;
			children = (
				6482AB1C29D20D9300BC1FDB /* SociaMediaCollectionViewCell */,
			);
			path = CollectionViewCell;
			sourceTree = "<group>";
		};
		6482AB1C29D20D9300BC1FDB /* SociaMediaCollectionViewCell */ = {
			isa = PBXGroup;
			children = (
				64A9192A29F7783400FAE641 /* ViewModel */,
				6482AB1D29D20DEA00BC1FDB /* SocialMediaCollectionViewCell.swift */,
				6482AB1E29D20DEA00BC1FDB /* SocialMediaCollectionViewCell.xib */,
			);
			path = SociaMediaCollectionViewCell;
			sourceTree = "<group>";
		};
		6482AB2129D2162100BC1FDB /* ActorMoviesCell */ = {
			isa = PBXGroup;
			children = (
				64A9192729F7706900FAE641 /* ViewModel */,
				6482AB2229D2164A00BC1FDB /* ActorMoviesTableViewCell.swift */,
				6482AB2329D2164A00BC1FDB /* ActorMoviesTableViewCell.xib */,
			);
			path = ActorMoviesCell;
			sourceTree = "<group>";
		};
		6482AB2629D363A100BC1FDB /* TableViewCell */ = {
			isa = PBXGroup;
			children = (
				644BD74829D0996F0036008F /* Head */,
				644BD74F29D0A7BF0036008F /* Body */,
			);
			path = TableViewCell;
			sourceTree = "<group>";
		};
		6482AB2729D363B000BC1FDB /* CollectionViewCell */ = {
			isa = PBXGroup;
			children = (
				644BD75929D0B0430036008F /* BodyCell */,
			);
			path = CollectionViewCell;
			sourceTree = "<group>";
		};
		648F919729EDBB330052E375 /* Image */ = {
			isa = PBXGroup;
			children = (
				648F91A229EDBBBD0052E375 /* ImageCache.swift */,
			);
			path = Image;
			sourceTree = "<group>";
		};
		649EF43729F9A103002D0475 /* ViewModel */ = {
			isa = PBXGroup;
			children = (
				649EF43829F9A116002D0475 /* PosterCollectionViewModel.swift */,
			);
			path = ViewModel;
			sourceTree = "<group>";
		};
		64A9191E29F759FF00FAE641 /* ViewModel */ = {
			isa = PBXGroup;
			children = (
				64A9191F29F75A1600FAE641 /* ActorTopCellViewModel.swift */,
			);
			path = ViewModel;
			sourceTree = "<group>";
		};
		64A9192129F7637600FAE641 /* ViewModel */ = {
			isa = PBXGroup;
			children = (
				64A9192229F7638B00FAE641 /* ActorInfoViewModel.swift */,
			);
			path = ViewModel;
			sourceTree = "<group>";
		};
		64A9192429F76BF300FAE641 /* Extensions */ = {
			isa = PBXGroup;
			children = (
				648F919C29EDBB7E0052E375 /* UIImageView+Extension.swift */,
				64A9192529F76C2200FAE641 /* UIColor+Extension.swift */,
				64947D502A02BBD400E2B989 /* UITextField+Extension.swift */,
				646991442A11917E00D08C28 /* String+Extension.swift */,
			);
			path = Extensions;
			sourceTree = "<group>";
		};
		64A9192729F7706900FAE641 /* ViewModel */ = {
			isa = PBXGroup;
			children = (
				64A9192829F7707D00FAE641 /* ActorMoviesViewModel.swift */,
			);
			path = ViewModel;
			sourceTree = "<group>";
		};
		64A9192A29F7783400FAE641 /* ViewModel */ = {
			isa = PBXGroup;
			children = (
				64A9192B29F7784F00FAE641 /* SocialMediaViewModel.swift */,
			);
			path = ViewModel;
			sourceTree = "<group>";
		};
		64AB8B6A2A474C3300F021FE /* MovieEmptyCell */ = {
			isa = PBXGroup;
			children = (
				64AB8B6B2A474C4D00F021FE /* MovieEmptyCollectionViewCell.swift */,
				64AB8B6C2A474C4D00F021FE /* MovieEmptyCollectionViewCell.xib */,
			);
			path = MovieEmptyCell;
			sourceTree = "<group>";
		};
		64AB8B7F2A477F2D00F021FE /* ActorSearch */ = {
			isa = PBXGroup;
			children = (
				640142492A478C8A006A644E /* Cell */,
				64AB8B822A477F4F00F021FE /* ViewModel */,
				64AB8B812A477F4500F021FE /* ViewController */,
				64AB8B802A477F4000F021FE /* View */,
			);
			path = ActorSearch;
			sourceTree = "<group>";
		};
		64AB8B802A477F4000F021FE /* View */ = {
			isa = PBXGroup;
			children = (
				64AB8B852A477F8700F021FE /* ActorSearchView.storyboard */,
			);
			path = View;
			sourceTree = "<group>";
		};
		64AB8B812A477F4500F021FE /* ViewController */ = {
			isa = PBXGroup;
			children = (
				64AB8B832A477F6C00F021FE /* ActorSearchViewController.swift */,
			);
			path = ViewController;
			sourceTree = "<group>";
		};
		64AB8B822A477F4F00F021FE /* ViewModel */ = {
			isa = PBXGroup;
			children = (
				640142472A478927006A644E /* ActorSearchViewModel.swift */,
			);
			path = ViewModel;
			sourceTree = "<group>";
		};
		64B17B6029BBA099003DC667 /* View */ = {
			isa = PBXGroup;
			children = (
				64B17B6429BBA0CE003DC667 /* PosterView.storyboard */,
			);
			path = View;
			sourceTree = "<group>";
		};
		64B17B6129BBA09E003DC667 /* ViewController */ = {
			isa = PBXGroup;
			children = (
				64B17B6229BBA0BF003DC667 /* PosterViewController.swift */,
			);
			path = ViewController;
			sourceTree = "<group>";
		};
		64B17B6629BBA10B003DC667 /* View */ = {
			isa = PBXGroup;
			children = (
				64B17B7429BBA175003DC667 /* SearchView.storyboard */,
			);
			path = View;
			sourceTree = "<group>";
		};
		64B17B6729BBA113003DC667 /* ViewController */ = {
			isa = PBXGroup;
			children = (
				64B17B7229BBA16B003DC667 /* SearchViewController.swift */,
			);
			path = ViewController;
			sourceTree = "<group>";
		};
		64B17B6829BBA11B003DC667 /* View */ = {
			isa = PBXGroup;
			children = (
				64B17B7829BBA193003DC667 /* FavoriteView.storyboard */,
			);
			path = View;
			sourceTree = "<group>";
		};
		64B17B6929BBA120003DC667 /* ViewController */ = {
			isa = PBXGroup;
			children = (
				64B17B7629BBA188003DC667 /* FavoriteViewController.swift */,
			);
			path = ViewController;
			sourceTree = "<group>";
		};
		64B17B6A29BBA128003DC667 /* View */ = {
			isa = PBXGroup;
			children = (
				64B17B7C29BBA1F0003DC667 /* ProfileView.storyboard */,
			);
			path = View;
			sourceTree = "<group>";
		};
		64B17B6B29BBA12D003DC667 /* ViewController */ = {
			isa = PBXGroup;
			children = (
				64B17B7A29BBA1E7003DC667 /* ProfileViewController.swift */,
			);
			path = ViewController;
			sourceTree = "<group>";
		};
		64B17B6C29BBA134003DC667 /* View */ = {
			isa = PBXGroup;
			children = (
				64B17B8029BBA21D003DC667 /* MoviesDetailsView.storyboard */,
			);
			path = View;
			sourceTree = "<group>";
		};
		64B17B6D29BBA138003DC667 /* ViewController */ = {
			isa = PBXGroup;
			children = (
				64B17B7E29BBA20F003DC667 /* MovieDetailsViewController.swift */,
			);
			path = ViewController;
			sourceTree = "<group>";
		};
		64B17B6E29BBA140003DC667 /* View */ = {
			isa = PBXGroup;
			children = (
				64B17B8429BBA266003DC667 /* ActorDetailView.storyboard */,
			);
			path = View;
			sourceTree = "<group>";
		};
		64B17B6F29BBA144003DC667 /* ViewController */ = {
			isa = PBXGroup;
			children = (
				64B17B8229BBA254003DC667 /* ActorDetailViewController.swift */,
			);
			path = ViewController;
			sourceTree = "<group>";
		};
		64B17B7029BBA14A003DC667 /* View */ = {
			isa = PBXGroup;
			children = (
				64B17B8829BBA29B003DC667 /* SearchSelectedView.storyboard */,
			);
			path = View;
			sourceTree = "<group>";
		};
		64B17B7129BBA14E003DC667 /* ViewController */ = {
			isa = PBXGroup;
			children = (
				64B17B8629BBA28B003DC667 /* SearchSelectedViewController.swift */,
			);
			path = ViewController;
			sourceTree = "<group>";
		};
		64B8C2CD2A4CD17D0010FE5F /* ProfileViewModel */ = {
			isa = PBXGroup;
			children = (
				64B8C2CE2A4CD1940010FE5F /* ProfileViewModel.swift */,
			);
			path = ProfileViewModel;
			sourceTree = "<group>";
		};
		64BA909D2A48C4380049DD24 /* SearchActorCell */ = {
			isa = PBXGroup;
			children = (
				6401424C2A478F98006A644E /* SearchActorCollectionViewCell.swift */,
				6401424D2A478F98006A644E /* SearchActorCollectionViewCell.xib */,
			);
			path = SearchActorCell;
			sourceTree = "<group>";
		};
		64BA909E2A48C45E0049DD24 /* ActorEmptyCell */ = {
			isa = PBXGroup;
			children = (
				64BA909F2A48C62F0049DD24 /* EmptyActorCollectionViewCell.swift */,
				64BA90A02A48C62F0049DD24 /* EmptyActorCollectionViewCell.xib */,
			);
			path = ActorEmptyCell;
			sourceTree = "<group>";
		};
		64BAB2F829F9C144006F99A8 /* ViewModel */ = {
			isa = PBXGroup;
			children = (
				64BAB2F929F9C153006F99A8 /* SearchViewModel.swift */,
			);
			path = ViewModel;
			sourceTree = "<group>";
		};
		64BAB2FD29F9C6E3006F99A8 /* ViewModel */ = {
			isa = PBXGroup;
			children = (
				64BAB2FE29F9C6F4006F99A8 /* BodyViewModel.swift */,
			);
			path = ViewModel;
			sourceTree = "<group>";
		};
		64BAB30029F9D6F7006F99A8 /* ViewModel */ = {
			isa = PBXGroup;
			children = (
				64BAB30129F9D711006F99A8 /* SearchSelectedViewModel.swift */,
			);
			path = ViewModel;
			sourceTree = "<group>";
		};
		64CEAAF629E07EFF006DCBD2 /* Service */ = {
			isa = PBXGroup;
			children = (
				64CEAAFA29E08323006DCBD2 /* Service.swift */,
				64CEAAFC29E08342006DCBD2 /* NetworkHandler.swift */,
			);
			path = Service;
			sourceTree = "<group>";
		};
		64CEAAF929E07F36006DCBD2 /* Model */ = {
			isa = PBXGroup;
			children = (
				64CEAAFE29E09F0B006DCBD2 /* PosterMovies.swift */,
				6478639729F57FCA00DF2D58 /* Cast.swift */,
				6478639929F5A21B00DF2D58 /* SimilarMovies.swift */,
				64A9191C29F747A300FAE641 /* ActorModel.swift */,
				649EF43529F99ACF002D0475 /* MovieDetail.swift */,
				64BAB2F629F9B577006F99A8 /* ActorMovies.swift */,
				64BAB2FB29F9C5B2006F99A8 /* ApiGenres.swift */,
				646991462A13DF3000D08C28 /* Video.swift */,
				6436C2D52A3E69D10097BFAE /* WatchProviders.swift */,
				647E22152A426E7F00922C78 /* ActorSocialMedia.swift */,
				6477E5142A448DB7009F6D61 /* SocialMedia.swift */,
				6401424A2A478D60006A644E /* ActorSearch.swift */,
				640EA6162A5258AB0086F891 /* User.swift */,
			);
			path = Model;
			sourceTree = "<group>";
		};
		64E70E4529BA4F9C00F14BFC /* Login */ = {
			isa = PBXGroup;
			children = (
				6469AAAE29F982C80071E414 /* ViewModel */,
				64E70E5229BA656B00F14BFC /* ViewController */,
				64E70E5129BA655E00F14BFC /* View */,
			);
			path = Login;
			sourceTree = "<group>";
		};
		64E70E4629BA4FA600F14BFC /* TabBarController */ = {
			isa = PBXGroup;
			children = (
				64E70E6029BA6EC100F14BFC /* ViewController */,
				64E70E5F29BA6EBB00F14BFC /* View */,
			);
			path = TabBarController;
			sourceTree = "<group>";
		};
		64E70E4729BA4FB100F14BFC /* Register */ = {
			isa = PBXGroup;
			children = (
				6469AAA829F8B6DE0071E414 /* ViewModel */,
				64E70E5429BA658200F14BFC /* ViewController */,
				64E70E5329BA657A00F14BFC /* View */,
			);
			path = Register;
			sourceTree = "<group>";
		};
		64E70E4829BA503200F14BFC /* Common */ = {
			isa = PBXGroup;
			children = (
				64AB8B6A2A474C3300F021FE /* MovieEmptyCell */,
				6437B0A32A0018B900293FC1 /* LottieJson */,
				64A9192429F76BF300FAE641 /* Extensions */,
				64462B3229F03AA50021A8BE /* Alert */,
				64462B2F29EEE7E20021A8BE /* Api */,
				648F919729EDBB330052E375 /* Image */,
				64CEAAF929E07F36006DCBD2 /* Model */,
				64CEAAF629E07EFF006DCBD2 /* Service */,
				645179AD29C786E9001D7B9D /* PosterCollectionViewCell */,
			);
			path = Common;
			sourceTree = "<group>";
		};
		64E70E4929BA504900F14BFC /* Recover */ = {
			isa = PBXGroup;
			children = (
				6469AAAB29F95D1C0071E414 /* ViewModel */,
				64E70E5A29BA6E5900F14BFC /* ViewController */,
				64E70E5929BA6E5400F14BFC /* View */,
			);
			path = Recover;
			sourceTree = "<group>";
		};
		64E70E4A29BA507500F14BFC /* Poster */ = {
			isa = PBXGroup;
			children = (
				64036EC729E78AF400E848BD /* ViewModel */,
				64B17B6129BBA09E003DC667 /* ViewController */,
				64B17B6029BBA099003DC667 /* View */,
			);
			path = Poster;
			sourceTree = "<group>";
		};
		64E70E4B29BA508100F14BFC /* Search */ = {
			isa = PBXGroup;
			children = (
				64BAB2F829F9C144006F99A8 /* ViewModel */,
				644BD74729D099530036008F /* Cell */,
				64B17B6729BBA113003DC667 /* ViewController */,
				64B17B6629BBA10B003DC667 /* View */,
			);
			path = Search;
			sourceTree = "<group>";
		};
		64E70E4C29BA509200F14BFC /* Favorite */ = {
			isa = PBXGroup;
			children = (
				643187C129F9F5CE009F35EB /* ViewModel */,
				64B17B6929BBA120003DC667 /* ViewController */,
				64B17B6829BBA11B003DC667 /* View */,
			);
			path = Favorite;
			sourceTree = "<group>";
		};
		64E70E4D29BA509A00F14BFC /* Profile */ = {
			isa = PBXGroup;
			children = (
				64B8C2CD2A4CD17D0010FE5F /* ProfileViewModel */,
				64B17B6B29BBA12D003DC667 /* ViewController */,
				64B17B6A29BBA128003DC667 /* View */,
			);
			path = Profile;
			sourceTree = "<group>";
		};
		64E70E4E29BA50CC00F14BFC /* MovieDetails */ = {
			isa = PBXGroup;
			children = (
				644BD75E29D0EE1E0036008F /* Cells */,
				64462B3529F0B7CB0021A8BE /* ViewModel */,
				64B17B6D29BBA138003DC667 /* ViewController */,
				64B17B6C29BBA134003DC667 /* View */,
			);
			path = MovieDetails;
			sourceTree = "<group>";
		};
		64E70E4F29BA50D900F14BFC /* ActorDetails */ = {
			isa = PBXGroup;
			children = (
				6482AB0F29D1F8EA00BC1FDB /* Cells */,
				6478639B29F5C34300DF2D58 /* ViewModel */,
				64B17B6F29BBA144003DC667 /* ViewController */,
				64B17B6E29BBA140003DC667 /* View */,
			);
			path = ActorDetails;
			sourceTree = "<group>";
		};
		64E70E5029BA512400F14BFC /* SearchSelected */ = {
			isa = PBXGroup;
			children = (
				64BAB30029F9D6F7006F99A8 /* ViewModel */,
				64B17B7129BBA14E003DC667 /* ViewController */,
				64B17B7029BBA14A003DC667 /* View */,
			);
			path = SearchSelected;
			sourceTree = "<group>";
		};
		64E70E5129BA655E00F14BFC /* View */ = {
			isa = PBXGroup;
			children = (
				64501B9A29B7A5EC0019D7B3 /* Main.storyboard */,
			);
			path = View;
			sourceTree = "<group>";
		};
		64E70E5229BA656B00F14BFC /* ViewController */ = {
			isa = PBXGroup;
			children = (
				64501B9829B7A5EC0019D7B3 /* LoginViewController.swift */,
			);
			path = ViewController;
			sourceTree = "<group>";
		};
		64E70E5329BA657A00F14BFC /* View */ = {
			isa = PBXGroup;
			children = (
				64E70E5729BA65BF00F14BFC /* RegisterView.storyboard */,
			);
			path = View;
			sourceTree = "<group>";
		};
		64E70E5429BA658200F14BFC /* ViewController */ = {
			isa = PBXGroup;
			children = (
				64E70E5529BA659B00F14BFC /* RegisterViewController.swift */,
			);
			path = ViewController;
			sourceTree = "<group>";
		};
		64E70E5929BA6E5400F14BFC /* View */ = {
			isa = PBXGroup;
			children = (
				64E70E5D29BA6E7B00F14BFC /* RecoverView.storyboard */,
			);
			path = View;
			sourceTree = "<group>";
		};
		64E70E5A29BA6E5900F14BFC /* ViewController */ = {
			isa = PBXGroup;
			children = (
				64E70E5B29BA6E7000F14BFC /* RecoverViewController.swift */,
			);
			path = ViewController;
			sourceTree = "<group>";
		};
		64E70E5F29BA6EBB00F14BFC /* View */ = {
			isa = PBXGroup;
			children = (
				64E70E6329BA6F0C00F14BFC /* TabBarView.storyboard */,
			);
			path = View;
			sourceTree = "<group>";
		};
		64E70E6029BA6EC100F14BFC /* ViewController */ = {
			isa = PBXGroup;
			children = (
				64E70E6129BA6F0400F14BFC /* TabBarViewController.swift */,
			);
			path = ViewController;
			sourceTree = "<group>";
		};
		F789DF7F830675EF5B1924C1 /* Frameworks */ = {
			isa = PBXGroup;
			children = (
				A4A0BBAD6F68ED6C38DE4A68 /* Pods_BackMovies.framework */,
			);
			name = Frameworks;
			sourceTree = "<group>";
		};
/* End PBXGroup section */

/* Begin PBXNativeTarget section */
		64501B9029B7A5EC0019D7B3 /* BackMovies */ = {
			isa = PBXNativeTarget;
			buildConfigurationList = 64501BA529B7A5ED0019D7B3 /* Build configuration list for PBXNativeTarget "BackMovies" */;
			buildPhases = (
				F928D51EDF15E505DDCA8DB8 /* [CP] Check Pods Manifest.lock */,
				64501B8D29B7A5EC0019D7B3 /* Sources */,
				64501B8E29B7A5EC0019D7B3 /* Frameworks */,
				64501B8F29B7A5EC0019D7B3 /* Resources */,
				95FCEBBAB00312E8FD4E4FAF /* [CP] Embed Pods Frameworks */,
			);
			buildRules = (
			);
			dependencies = (
			);
			name = BackMovies;
			packageProductDependencies = (
				64B92BC22A069DB7009ACA48 /* GoogleSignIn */,
				643CE2402A55C5F00003BAC2 /* FirebaseAuth */,
				643CE2422A55C5F00003BAC2 /* FirebaseFirestore */,
				643CE2442A55C5F00003BAC2 /* FirebaseFirestoreSwift */,
				643CE2462A55C5F00003BAC2 /* FirebaseStorage */,
			);
			productName = BackMovies;
			productReference = 64501B9129B7A5EC0019D7B3 /* BackMovies.app */;
			productType = "com.apple.product-type.application";
		};
/* End PBXNativeTarget section */

/* Begin PBXProject section */
		64501B8929B7A5EC0019D7B3 /* Project object */ = {
			isa = PBXProject;
			attributes = {
				BuildIndependentTargetsInParallel = 1;
				LastSwiftUpdateCheck = 1400;
				LastUpgradeCheck = 1400;
				TargetAttributes = {
					64501B9029B7A5EC0019D7B3 = {
						CreatedOnToolsVersion = 14.0.1;
					};
				};
			};
			buildConfigurationList = 64501B8C29B7A5EC0019D7B3 /* Build configuration list for PBXProject "BackMovies" */;
			compatibilityVersion = "Xcode 13.0";
			developmentRegion = en;
			hasScannedForEncodings = 0;
			knownRegions = (
				en,
				Base,
			);
			mainGroup = 64501B8829B7A5EC0019D7B3;
			packageReferences = (
				64B92BC12A069DB7009ACA48 /* XCRemoteSwiftPackageReference "GoogleSignIn-iOS" */,
				643CE23F2A55C5F00003BAC2 /* XCRemoteSwiftPackageReference "firebase-ios-sdk" */,
			);
			productRefGroup = 64501B9229B7A5EC0019D7B3 /* Products */;
			projectDirPath = "";
			projectRoot = "";
			targets = (
				64501B9029B7A5EC0019D7B3 /* BackMovies */,
			);
		};
/* End PBXProject section */

/* Begin PBXResourcesBuildPhase section */
		64501B8F29B7A5EC0019D7B3 /* Resources */ = {
			isa = PBXResourcesBuildPhase;
			buildActionMask = 2147483647;
			files = (
				6482AB2529D2164A00BC1FDB /* ActorMoviesTableViewCell.xib in Resources */,
				644BD75329D0A7D50036008F /* BodyTableViewCell.xib in Resources */,
				6482AB2029D20DEA00BC1FDB /* SocialMediaCollectionViewCell.xib in Resources */,
				64AB8B862A477F8700F021FE /* ActorSearchView.storyboard in Resources */,
				64B17B8529BBA266003DC667 /* ActorDetailView.storyboard in Resources */,
				644BD76329D0EE830036008F /* MovieTopTableViewCell.xib in Resources */,
				644BD77029D0FB2C0036008F /* TrailerTableViewCell.xib in Resources */,
				64E70E5E29BA6E7B00F14BFC /* RecoverView.storyboard in Resources */,
				64501BA129B7A5ED0019D7B3 /* LaunchScreen.storyboard in Resources */,
				6482AB0E29D1D63600BC1FDB /* MapTableViewCell.xib in Resources */,
				64B17B7929BBA193003DC667 /* FavoriteView.storyboard in Resources */,
				6482AB0929D1C62100BC1FDB /* RelatedTableViewCell.xib in Resources */,
				64501B9E29B7A5ED0019D7B3 /* Assets.xcassets in Resources */,
				64B17B8129BBA21D003DC667 /* MoviesDetailsView.storyboard in Resources */,
				6482AB1429D1F97900BC1FDB /* ActorTopTableViewCell.xib in Resources */,
				644BD77929D126E20036008F /* WatchTableViewCell.xib in Resources */,
				644BD75D29D0B0580036008F /* BodyCollectionViewCell.xib in Resources */,
				645179B129C78F43001D7B9D /* PosterCollectionViewCell.xib in Resources */,
				644BD78529D141AF0036008F /* ActorTableViewCell.xib in Resources */,
				64E70E5829BA65BF00F14BFC /* RegisterView.storyboard in Resources */,
				6401424F2A478F98006A644E /* SearchActorCollectionViewCell.xib in Resources */,
				64501B9C29B7A5EC0019D7B3 /* Main.storyboard in Resources */,
				6482AB1929D2020600BC1FDB /* ActorInfoTableViewCell.xib in Resources */,
				64B17B7529BBA175003DC667 /* SearchView.storyboard in Resources */,
				644BD74E29D09A020036008F /* HeadTableViewCell.xib in Resources */,
				64BA90A22A48C62F0049DD24 /* EmptyActorCollectionViewCell.xib in Resources */,
				6437B0A72A003C2900293FC1 /* GoogleService-Info.plist in Resources */,
				64AB8B6E2A474C4D00F021FE /* MovieEmptyCollectionViewCell.xib in Resources */,
				6468C8AF2A3F898C00E629F4 /* EmptyCollectionViewCell.xib in Resources */,
				64E70E6429BA6F0C00F14BFC /* TabBarView.storyboard in Resources */,
				64B17B6529BBA0CE003DC667 /* PosterView.storyboard in Resources */,
				644BD78A29D144A90036008F /* ActorCollectionViewCell.xib in Resources */,
				64B17B8929BBA29B003DC667 /* SearchSelectedView.storyboard in Resources */,
				6437B0A52A0018CA00293FC1 /* imageLoad.json in Resources */,
				64B17B7D29BBA1F0003DC667 /* ProfileView.storyboard in Resources */,
				6437B0B62A01699C00293FC1 /* registerLoad.json in Resources */,
				644BD78029D12E540036008F /* StreamingCollectionViewCell.xib in Resources */,
			);
			runOnlyForDeploymentPostprocessing = 0;
		};
/* End PBXResourcesBuildPhase section */

/* Begin PBXShellScriptBuildPhase section */
		95FCEBBAB00312E8FD4E4FAF /* [CP] Embed Pods Frameworks */ = {
			isa = PBXShellScriptBuildPhase;
			buildActionMask = 2147483647;
			files = (
			);
			inputFileListPaths = (
				"${PODS_ROOT}/Target Support Files/Pods-BackMovies/Pods-BackMovies-frameworks-${CONFIGURATION}-input-files.xcfilelist",
			);
			name = "[CP] Embed Pods Frameworks";
			outputFileListPaths = (
				"${PODS_ROOT}/Target Support Files/Pods-BackMovies/Pods-BackMovies-frameworks-${CONFIGURATION}-output-files.xcfilelist",
			);
			runOnlyForDeploymentPostprocessing = 0;
			shellPath = /bin/sh;
			shellScript = "\"${PODS_ROOT}/Target Support Files/Pods-BackMovies/Pods-BackMovies-frameworks.sh\"\n";
			showEnvVarsInLog = 0;
		};
		F928D51EDF15E505DDCA8DB8 /* [CP] Check Pods Manifest.lock */ = {
			isa = PBXShellScriptBuildPhase;
			buildActionMask = 2147483647;
			files = (
			);
			inputFileListPaths = (
			);
			inputPaths = (
				"${PODS_PODFILE_DIR_PATH}/Podfile.lock",
				"${PODS_ROOT}/Manifest.lock",
			);
			name = "[CP] Check Pods Manifest.lock";
			outputFileListPaths = (
			);
			outputPaths = (
				"$(DERIVED_FILE_DIR)/Pods-BackMovies-checkManifestLockResult.txt",
			);
			runOnlyForDeploymentPostprocessing = 0;
			shellPath = /bin/sh;
			shellScript = "diff \"${PODS_PODFILE_DIR_PATH}/Podfile.lock\" \"${PODS_ROOT}/Manifest.lock\" > /dev/null\nif [ $? != 0 ] ; then\n    # print error to STDERR\n    echo \"error: The sandbox is not in sync with the Podfile.lock. Run 'pod install' or update your CocoaPods installation.\" >&2\n    exit 1\nfi\n# This output is used by Xcode 'outputs' to avoid re-running this script phase.\necho \"SUCCESS\" > \"${SCRIPT_OUTPUT_FILE_0}\"\n";
			showEnvVarsInLog = 0;
		};
/* End PBXShellScriptBuildPhase section */

/* Begin PBXSourcesBuildPhase section */
		64501B8D29B7A5EC0019D7B3 /* Sources */ = {
			isa = PBXSourcesBuildPhase;
			buildActionMask = 2147483647;
			files = (
				64AB8B842A477F6C00F021FE /* ActorSearchViewController.swift in Sources */,
				6468C8AE2A3F898C00E629F4 /* EmptyCollectionViewCell.swift in Sources */,
				6401424B2A478D60006A644E /* ActorSearch.swift in Sources */,
				64BA90A12A48C62F0049DD24 /* EmptyActorCollectionViewCell.swift in Sources */,
				64B17B6329BBA0BF003DC667 /* PosterViewController.swift in Sources */,
				64501B9929B7A5EC0019D7B3 /* LoginViewController.swift in Sources */,
				64B17B7B29BBA1E7003DC667 /* ProfileViewController.swift in Sources */,
				6478639029F2D16200DF2D58 /* MapCellViewModel.swift in Sources */,
				64B17B7329BBA16B003DC667 /* SearchViewController.swift in Sources */,
				64A9192929F7707D00FAE641 /* ActorMoviesViewModel.swift in Sources */,
				640EA6152A52587D0086F891 /* FirebaseManeger.swift in Sources */,
				64501B9529B7A5EC0019D7B3 /* AppDelegate.swift in Sources */,
				64B17B8329BBA254003DC667 /* ActorDetailViewController.swift in Sources */,
				64AB8B6D2A474C4D00F021FE /* MovieEmptyCollectionViewCell.swift in Sources */,
				646991452A11917E00D08C28 /* String+Extension.swift in Sources */,
				64B8C2CF2A4CD1940010FE5F /* ProfileViewModel.swift in Sources */,
				64BAB2FF29F9C6F4006F99A8 /* BodyViewModel.swift in Sources */,
				644BD74D29D09A020036008F /* HeadTableViewCell.swift in Sources */,
				640EA6172A5258AB0086F891 /* User.swift in Sources */,
				64B17B7F29BBA20F003DC667 /* MovieDetailsViewController.swift in Sources */,
				64A9191D29F747A300FAE641 /* ActorModel.swift in Sources */,
				6478638529F2D0B700DF2D58 /* MovieTopCellViewModel.swift in Sources */,
				64036EC929E78B2000E848BD /* PosterViewModel.swift in Sources */,
				64A9192329F7638B00FAE641 /* ActorInfoViewModel.swift in Sources */,
				64BAB2F729F9B577006F99A8 /* ActorMovies.swift in Sources */,
				644BD76229D0EE830036008F /* MovieTopTableViewCell.swift in Sources */,
				64B17B7729BBA188003DC667 /* FavoriteViewController.swift in Sources */,
				644BD76F29D0FB2C0036008F /* TrailerTableViewCell.swift in Sources */,
				647E22162A426E7F00922C78 /* ActorSocialMedia.swift in Sources */,
				64A9192C29F7784F00FAE641 /* SocialMediaViewModel.swift in Sources */,
				6478639D29F5C36000DF2D58 /* ActorDetailsViewModel.swift in Sources */,
				6482AB1F29D20DEA00BC1FDB /* SocialMediaCollectionViewCell.swift in Sources */,
				64CEAAFB29E08323006DCBD2 /* Service.swift in Sources */,
				644BD77829D126E20036008F /* WatchTableViewCell.swift in Sources */,
				644BD77F29D12E540036008F /* StreamingCollectionViewCell.swift in Sources */,
				64BAB2FA29F9C153006F99A8 /* SearchViewModel.swift in Sources */,
				6478639A29F5A21B00DF2D58 /* SimilarMovies.swift in Sources */,
				64A9192629F76C2200FAE641 /* UIColor+Extension.swift in Sources */,
				645179B029C78F43001D7B9D /* PosterCollectionViewCell.swift in Sources */,
				64A9192029F75A1600FAE641 /* ActorTopCellViewModel.swift in Sources */,
				64501B9729B7A5EC0019D7B3 /* SceneDelegate.swift in Sources */,
				64462B3129EEE7F40021A8BE /* Api.swift in Sources */,
				644BD78929D144A90036008F /* ActorCollectionViewCell.swift in Sources */,
				64462B3729F0B7E90021A8BE /* MovieDetailViewModel.swift in Sources */,
				6482AB0829D1C62100BC1FDB /* RelatedTableViewCell.swift in Sources */,
				640142482A478927006A644E /* ActorSearchViewModel.swift in Sources */,
				64E70E5C29BA6E7000F14BFC /* RecoverViewController.swift in Sources */,
				64462B3429F03AB10021A8BE /* Alert.swift in Sources */,
				6482AB1829D2020600BC1FDB /* ActorInfoTableViewCell.swift in Sources */,
				64E70E6229BA6F0400F14BFC /* TabBarViewController.swift in Sources */,
				64CEAAFD29E08342006DCBD2 /* NetworkHandler.swift in Sources */,
				649EF43629F99ACF002D0475 /* MovieDetail.swift in Sources */,
				6478638729F2D0DD00DF2D58 /* TrailerCellViewModel.swift in Sources */,
				644BD75C29D0B0580036008F /* BodyCollectionViewCell.swift in Sources */,
				6478639829F57FCA00DF2D58 /* Cast.swift in Sources */,
				64E70E5629BA659B00F14BFC /* RegisterViewController.swift in Sources */,
				6482AB2429D2164A00BC1FDB /* ActorMoviesTableViewCell.swift in Sources */,
				6482AB0D29D1D63600BC1FDB /* MapTableViewCell.swift in Sources */,
				6482AB1329D1F97900BC1FDB /* ActorTopTableViewCell.swift in Sources */,
				648F91A329EDBBBD0052E375 /* ImageCache.swift in Sources */,
				6436C2D62A3E69D10097BFAE /* WatchProviders.swift in Sources */,
				64947D512A02BBD400E2B989 /* UITextField+Extension.swift in Sources */,
				648F919D29EDBB7E0052E375 /* UIImageView+Extension.swift in Sources */,
				649EF43929F9A116002D0475 /* PosterCollectionViewModel.swift in Sources */,
				6401424E2A478F98006A644E /* SearchActorCollectionViewCell.swift in Sources */,
				6478638B29F2D12200DF2D58 /* ActorCellViewModel.swift in Sources */,
				6469AAAD29F95D3A0071E414 /* RecoverViewModel.swift in Sources */,
				64B17B8729BBA28B003DC667 /* SearchSelectedViewController.swift in Sources */,
				643187C329F9F5DF009F35EB /* FavoriteViewModel.swift in Sources */,
				6477E5152A448DB7009F6D61 /* SocialMedia.swift in Sources */,
				64BAB2FC29F9C5B2006F99A8 /* ApiGenres.swift in Sources */,
				646991472A13DF3000D08C28 /* Video.swift in Sources */,
				6478639629F2D1CE00DF2D58 /* StreamingCellViewModel.swift in Sources */,
				6469AAB029F982D90071E414 /* LoginViewModel.swift in Sources */,
				64BAB30229F9D712006F99A8 /* SearchSelectedViewModel.swift in Sources */,
				644BD78429D141AF0036008F /* ActorTableViewCell.swift in Sources */,
				6478638929F2D10700DF2D58 /* WatchCellViewModel.swift in Sources */,
				6469AAAA29F8B6ED0071E414 /* RegisterViewModel.swift in Sources */,
				6478639429F2D1B400DF2D58 /* ActorCollectionViewCellViewModel.swift in Sources */,
				644BD75229D0A7D50036008F /* BodyTableViewCell.swift in Sources */,
				6478638E29F2D14B00DF2D58 /* RelatedCellViewModel.swift in Sources */,
				64CEAAFF29E09F0B006DCBD2 /* PosterMovies.swift in Sources */,
			);
			runOnlyForDeploymentPostprocessing = 0;
		};
/* End PBXSourcesBuildPhase section */

/* Begin PBXVariantGroup section */
		64501B9A29B7A5EC0019D7B3 /* Main.storyboard */ = {
			isa = PBXVariantGroup;
			children = (
				64501B9B29B7A5EC0019D7B3 /* Base */,
			);
			name = Main.storyboard;
			sourceTree = "<group>";
		};
		64501B9F29B7A5ED0019D7B3 /* LaunchScreen.storyboard */ = {
			isa = PBXVariantGroup;
			children = (
				64501BA029B7A5ED0019D7B3 /* Base */,
			);
			name = LaunchScreen.storyboard;
			sourceTree = "<group>";
		};
/* End PBXVariantGroup section */

/* Begin XCBuildConfiguration section */
		64501BA329B7A5ED0019D7B3 /* Debug */ = {
			isa = XCBuildConfiguration;
			buildSettings = {
				ALWAYS_SEARCH_USER_PATHS = NO;
				CLANG_ANALYZER_NONNULL = YES;
				CLANG_ANALYZER_NUMBER_OBJECT_CONVERSION = YES_AGGRESSIVE;
				CLANG_CXX_LANGUAGE_STANDARD = "gnu++20";
				CLANG_ENABLE_MODULES = YES;
				CLANG_ENABLE_OBJC_ARC = YES;
				CLANG_ENABLE_OBJC_WEAK = YES;
				CLANG_WARN_BLOCK_CAPTURE_AUTORELEASING = YES;
				CLANG_WARN_BOOL_CONVERSION = YES;
				CLANG_WARN_COMMA = YES;
				CLANG_WARN_CONSTANT_CONVERSION = YES;
				CLANG_WARN_DEPRECATED_OBJC_IMPLEMENTATIONS = YES;
				CLANG_WARN_DIRECT_OBJC_ISA_USAGE = YES_ERROR;
				CLANG_WARN_DOCUMENTATION_COMMENTS = YES;
				CLANG_WARN_EMPTY_BODY = YES;
				CLANG_WARN_ENUM_CONVERSION = YES;
				CLANG_WARN_INFINITE_RECURSION = YES;
				CLANG_WARN_INT_CONVERSION = YES;
				CLANG_WARN_NON_LITERAL_NULL_CONVERSION = YES;
				CLANG_WARN_OBJC_IMPLICIT_RETAIN_SELF = YES;
				CLANG_WARN_OBJC_LITERAL_CONVERSION = YES;
				CLANG_WARN_OBJC_ROOT_CLASS = YES_ERROR;
				CLANG_WARN_QUOTED_INCLUDE_IN_FRAMEWORK_HEADER = YES;
				CLANG_WARN_RANGE_LOOP_ANALYSIS = YES;
				CLANG_WARN_STRICT_PROTOTYPES = YES;
				CLANG_WARN_SUSPICIOUS_MOVE = YES;
				CLANG_WARN_UNGUARDED_AVAILABILITY = YES_AGGRESSIVE;
				CLANG_WARN_UNREACHABLE_CODE = YES;
				CLANG_WARN__DUPLICATE_METHOD_MATCH = YES;
				COPY_PHASE_STRIP = NO;
				DEBUG_INFORMATION_FORMAT = dwarf;
				ENABLE_STRICT_OBJC_MSGSEND = YES;
				ENABLE_TESTABILITY = YES;
				GCC_C_LANGUAGE_STANDARD = gnu11;
				GCC_DYNAMIC_NO_PIC = NO;
				GCC_NO_COMMON_BLOCKS = YES;
				GCC_OPTIMIZATION_LEVEL = 0;
				GCC_PREPROCESSOR_DEFINITIONS = (
					"DEBUG=1",
					"$(inherited)",
				);
				GCC_WARN_64_TO_32_BIT_CONVERSION = YES;
				GCC_WARN_ABOUT_RETURN_TYPE = YES_ERROR;
				GCC_WARN_UNDECLARED_SELECTOR = YES;
				GCC_WARN_UNINITIALIZED_AUTOS = YES_AGGRESSIVE;
				GCC_WARN_UNUSED_FUNCTION = YES;
				GCC_WARN_UNUSED_VARIABLE = YES;
				IPHONEOS_DEPLOYMENT_TARGET = 16.0;
				MTL_ENABLE_DEBUG_INFO = INCLUDE_SOURCE;
				MTL_FAST_MATH = YES;
				ONLY_ACTIVE_ARCH = YES;
				SDKROOT = iphoneos;
				SWIFT_ACTIVE_COMPILATION_CONDITIONS = DEBUG;
				SWIFT_OPTIMIZATION_LEVEL = "-Onone";
			};
			name = Debug;
		};
		64501BA429B7A5ED0019D7B3 /* Release */ = {
			isa = XCBuildConfiguration;
			buildSettings = {
				ALWAYS_SEARCH_USER_PATHS = NO;
				CLANG_ANALYZER_NONNULL = YES;
				CLANG_ANALYZER_NUMBER_OBJECT_CONVERSION = YES_AGGRESSIVE;
				CLANG_CXX_LANGUAGE_STANDARD = "gnu++20";
				CLANG_ENABLE_MODULES = YES;
				CLANG_ENABLE_OBJC_ARC = YES;
				CLANG_ENABLE_OBJC_WEAK = YES;
				CLANG_WARN_BLOCK_CAPTURE_AUTORELEASING = YES;
				CLANG_WARN_BOOL_CONVERSION = YES;
				CLANG_WARN_COMMA = YES;
				CLANG_WARN_CONSTANT_CONVERSION = YES;
				CLANG_WARN_DEPRECATED_OBJC_IMPLEMENTATIONS = YES;
				CLANG_WARN_DIRECT_OBJC_ISA_USAGE = YES_ERROR;
				CLANG_WARN_DOCUMENTATION_COMMENTS = YES;
				CLANG_WARN_EMPTY_BODY = YES;
				CLANG_WARN_ENUM_CONVERSION = YES;
				CLANG_WARN_INFINITE_RECURSION = YES;
				CLANG_WARN_INT_CONVERSION = YES;
				CLANG_WARN_NON_LITERAL_NULL_CONVERSION = YES;
				CLANG_WARN_OBJC_IMPLICIT_RETAIN_SELF = YES;
				CLANG_WARN_OBJC_LITERAL_CONVERSION = YES;
				CLANG_WARN_OBJC_ROOT_CLASS = YES_ERROR;
				CLANG_WARN_QUOTED_INCLUDE_IN_FRAMEWORK_HEADER = YES;
				CLANG_WARN_RANGE_LOOP_ANALYSIS = YES;
				CLANG_WARN_STRICT_PROTOTYPES = YES;
				CLANG_WARN_SUSPICIOUS_MOVE = YES;
				CLANG_WARN_UNGUARDED_AVAILABILITY = YES_AGGRESSIVE;
				CLANG_WARN_UNREACHABLE_CODE = YES;
				CLANG_WARN__DUPLICATE_METHOD_MATCH = YES;
				COPY_PHASE_STRIP = NO;
				DEBUG_INFORMATION_FORMAT = "dwarf-with-dsym";
				ENABLE_NS_ASSERTIONS = NO;
				ENABLE_STRICT_OBJC_MSGSEND = YES;
				GCC_C_LANGUAGE_STANDARD = gnu11;
				GCC_NO_COMMON_BLOCKS = YES;
				GCC_WARN_64_TO_32_BIT_CONVERSION = YES;
				GCC_WARN_ABOUT_RETURN_TYPE = YES_ERROR;
				GCC_WARN_UNDECLARED_SELECTOR = YES;
				GCC_WARN_UNINITIALIZED_AUTOS = YES_AGGRESSIVE;
				GCC_WARN_UNUSED_FUNCTION = YES;
				GCC_WARN_UNUSED_VARIABLE = YES;
				IPHONEOS_DEPLOYMENT_TARGET = 16.0;
				MTL_ENABLE_DEBUG_INFO = NO;
				MTL_FAST_MATH = YES;
				SDKROOT = iphoneos;
				SWIFT_COMPILATION_MODE = wholemodule;
				SWIFT_OPTIMIZATION_LEVEL = "-O";
				VALIDATE_PRODUCT = YES;
			};
			name = Release;
		};
		64501BA629B7A5ED0019D7B3 /* Debug */ = {
			isa = XCBuildConfiguration;
			baseConfigurationReference = A16CA2DC4241D7C45BD0736C /* Pods-BackMovies.debug.xcconfig */;
			buildSettings = {
				ASSETCATALOG_COMPILER_APPICON_NAME = AppIcon;
				ASSETCATALOG_COMPILER_GLOBAL_ACCENT_COLOR_NAME = AccentColor;
				CODE_SIGN_STYLE = Automatic;
				CURRENT_PROJECT_VERSION = 1;
				DEVELOPMENT_TEAM = VM23EZY4K2;
				GENERATE_INFOPLIST_FILE = YES;
				INFOPLIST_FILE = BackMovies/Info.plist;
				INFOPLIST_KEY_NSLocationAlwaysAndWhenInUseUsageDescription = "";
				INFOPLIST_KEY_NSLocationWhenInUseUsageDescription = "";
				INFOPLIST_KEY_UIApplicationSupportsIndirectInputEvents = YES;
				INFOPLIST_KEY_UILaunchStoryboardName = LaunchScreen;
				INFOPLIST_KEY_UIMainStoryboardFile = Main;
				INFOPLIST_KEY_UIStatusBarStyle = UIStatusBarStyleLightContent;
				INFOPLIST_KEY_UISupportedInterfaceOrientations = UIInterfaceOrientationPortrait;
				IPHONEOS_DEPLOYMENT_TARGET = 16.0;
				LD_RUNPATH_SEARCH_PATHS = (
					"$(inherited)",
					"@executable_path/Frameworks",
				);
				MARKETING_VERSION = 1.0;
				PRODUCT_BUNDLE_IDENTIFIER = gomeszx.BackMovies;
				PRODUCT_NAME = "$(TARGET_NAME)";
				SUPPORTED_PLATFORMS = "iphoneos iphonesimulator";
				SUPPORTS_MACCATALYST = NO;
				SUPPORTS_MAC_DESIGNED_FOR_IPHONE_IPAD = NO;
				SWIFT_EMIT_LOC_STRINGS = YES;
				SWIFT_VERSION = 5.0;
				TARGETED_DEVICE_FAMILY = 1;
			};
			name = Debug;
		};
		64501BA729B7A5ED0019D7B3 /* Release */ = {
			isa = XCBuildConfiguration;
			baseConfigurationReference = C28BC18955AA454C1F37B431 /* Pods-BackMovies.release.xcconfig */;
			buildSettings = {
				ASSETCATALOG_COMPILER_APPICON_NAME = AppIcon;
				ASSETCATALOG_COMPILER_GLOBAL_ACCENT_COLOR_NAME = AccentColor;
				CODE_SIGN_STYLE = Automatic;
				CURRENT_PROJECT_VERSION = 1;
				DEVELOPMENT_TEAM = VM23EZY4K2;
				GENERATE_INFOPLIST_FILE = YES;
				INFOPLIST_FILE = BackMovies/Info.plist;
				INFOPLIST_KEY_NSLocationAlwaysAndWhenInUseUsageDescription = "";
				INFOPLIST_KEY_NSLocationWhenInUseUsageDescription = "";
				INFOPLIST_KEY_UIApplicationSupportsIndirectInputEvents = YES;
				INFOPLIST_KEY_UILaunchStoryboardName = LaunchScreen;
				INFOPLIST_KEY_UIMainStoryboardFile = Main;
				INFOPLIST_KEY_UIStatusBarStyle = UIStatusBarStyleLightContent;
				INFOPLIST_KEY_UISupportedInterfaceOrientations = UIInterfaceOrientationPortrait;
				IPHONEOS_DEPLOYMENT_TARGET = 16.0;
				LD_RUNPATH_SEARCH_PATHS = (
					"$(inherited)",
					"@executable_path/Frameworks",
				);
				MARKETING_VERSION = 1.0;
				PRODUCT_BUNDLE_IDENTIFIER = gomeszx.BackMovies;
				PRODUCT_NAME = "$(TARGET_NAME)";
				SUPPORTED_PLATFORMS = "iphoneos iphonesimulator";
				SUPPORTS_MACCATALYST = NO;
				SUPPORTS_MAC_DESIGNED_FOR_IPHONE_IPAD = NO;
				SWIFT_EMIT_LOC_STRINGS = YES;
				SWIFT_VERSION = 5.0;
				TARGETED_DEVICE_FAMILY = 1;
			};
			name = Release;
		};
/* End XCBuildConfiguration section */

/* Begin XCConfigurationList section */
		64501B8C29B7A5EC0019D7B3 /* Build configuration list for PBXProject "BackMovies" */ = {
			isa = XCConfigurationList;
			buildConfigurations = (
				64501BA329B7A5ED0019D7B3 /* Debug */,
				64501BA429B7A5ED0019D7B3 /* Release */,
			);
			defaultConfigurationIsVisible = 0;
			defaultConfigurationName = Release;
		};
		64501BA529B7A5ED0019D7B3 /* Build configuration list for PBXNativeTarget "BackMovies" */ = {
			isa = XCConfigurationList;
			buildConfigurations = (
				64501BA629B7A5ED0019D7B3 /* Debug */,
				64501BA729B7A5ED0019D7B3 /* Release */,
			);
			defaultConfigurationIsVisible = 0;
			defaultConfigurationName = Release;
		};
/* End XCConfigurationList section */

/* Begin XCRemoteSwiftPackageReference section */
		643CE23F2A55C5F00003BAC2 /* XCRemoteSwiftPackageReference "firebase-ios-sdk" */ = {
			isa = XCRemoteSwiftPackageReference;
			repositoryURL = "https://github.com/firebase/firebase-ios-sdk";
			requirement = {
				kind = upToNextMajorVersion;
				minimumVersion = 10.0.0;
			};
		};
		64B92BC12A069DB7009ACA48 /* XCRemoteSwiftPackageReference "GoogleSignIn-iOS" */ = {
			isa = XCRemoteSwiftPackageReference;
			repositoryURL = "https://github.com/google/GoogleSignIn-iOS";
			requirement = {
				kind = upToNextMajorVersion;
				minimumVersion = 7.0.0;
			};
		};
/* End XCRemoteSwiftPackageReference section */

/* Begin XCSwiftPackageProductDependency section */
		643CE2402A55C5F00003BAC2 /* FirebaseAuth */ = {
			isa = XCSwiftPackageProductDependency;
			package = 643CE23F2A55C5F00003BAC2 /* XCRemoteSwiftPackageReference "firebase-ios-sdk" */;
			productName = FirebaseAuth;
		};
		643CE2422A55C5F00003BAC2 /* FirebaseFirestore */ = {
			isa = XCSwiftPackageProductDependency;
			package = 643CE23F2A55C5F00003BAC2 /* XCRemoteSwiftPackageReference "firebase-ios-sdk" */;
			productName = FirebaseFirestore;
		};
		643CE2442A55C5F00003BAC2 /* FirebaseFirestoreSwift */ = {
			isa = XCSwiftPackageProductDependency;
			package = 643CE23F2A55C5F00003BAC2 /* XCRemoteSwiftPackageReference "firebase-ios-sdk" */;
			productName = FirebaseFirestoreSwift;
		};
		643CE2462A55C5F00003BAC2 /* FirebaseStorage */ = {
			isa = XCSwiftPackageProductDependency;
			package = 643CE23F2A55C5F00003BAC2 /* XCRemoteSwiftPackageReference "firebase-ios-sdk" */;
			productName = FirebaseStorage;
		};
		64B92BC22A069DB7009ACA48 /* GoogleSignIn */ = {
			isa = XCSwiftPackageProductDependency;
			package = 64B92BC12A069DB7009ACA48 /* XCRemoteSwiftPackageReference "GoogleSignIn-iOS" */;
			productName = GoogleSignIn;
		};
/* End XCSwiftPackageProductDependency section */
	};
	rootObject = 64501B8929B7A5EC0019D7B3 /* Project object */;
}
